// !$*UTF8*$!
{
	archiveVersion = 1;
	classes = {
	};
	objectVersion = 77;
	objects = {

/* Begin PBXBuildFile section */
		0045E3C41EFD4CB387D6F737 /* QuestionAnswerOptionsView.swift in Sources */ = {isa = PBXBuildFile; fileRef = 31362A2EB1C59474F20C2C69 /* QuestionAnswerOptionsView.swift */; };
		00FF976DDC2A0623B34A6794 /* EditIdentityView.swift in Sources */ = {isa = PBXBuildFile; fileRef = 61B017AF1629A841BB1DE70C /* EditIdentityView.swift */; };
		01F19E996E00F4F8B28A2E3D /* EquipmentSubstitutionRule.swift in Sources */ = {isa = PBXBuildFile; fileRef = 8D9D0B00943AA18035FAE063 /* EquipmentSubstitutionRule.swift */; };
		0319A7A02C6EDEAB3F399F9A /* QuestionnaireTypes.swift in Sources */ = {isa = PBXBuildFile; fileRef = 4B6EE14AEAE6F86F9A56A8DA /* QuestionnaireTypes.swift */; };
		03BED48E693584F855C1DDDB /* AccountServiceTests.swift in Sources */ = {isa = PBXBuildFile; fileRef = 81F74486CA1CCB28D7592A09 /* AccountServiceTests.swift */; };
		043F3AD5B9A9221ADF4D8ECD /* SupabaseService.swift in Sources */ = {isa = PBXBuildFile; fileRef = A3D14BBE0C4ED62CE64E0583 /* SupabaseService.swift */; };
		06F0D3BA27959B8BAD48C203 /* EditActiveSportsViewModel.swift in Sources */ = {isa = PBXBuildFile; fileRef = A2C3ACFCDC006AD85C8C6DD5 /* EditActiveSportsViewModel.swift */; };
		08AFCB9C2D360FE6AC4A2A88 /* DisclaimerPARQView.swift in Sources */ = {isa = PBXBuildFile; fileRef = 097E270614FC76762536F269 /* DisclaimerPARQView.swift */; };
		0EC7A37DFF6A69C631B75877 /* QuestionnaireDTOs.swift in Sources */ = {isa = PBXBuildFile; fileRef = 633F4421043C728EBE0DA6CF /* QuestionnaireDTOs.swift */; };
		0F1EFC3BA7C10F61EDEB7343 /* InfoPlist.xcstrings in Resources */ = {isa = PBXBuildFile; fileRef = 1059E4B839F348DE30AE147E /* InfoPlist.xcstrings */; };
		0FB62706268DB90CC0FEE9EF /* PrimaryButtonStyle.swift in Sources */ = {isa = PBXBuildFile; fileRef = A54703AA569A5DF3C64122F0 /* PrimaryButtonStyle.swift */; };
		15A03FC507EB4FDFB5BAD1F1 /* CoachingProfileDTO.swift in Sources */ = {isa = PBXBuildFile; fileRef = 183088FD9BEE7190609DAF2E /* CoachingProfileDTO.swift */; };
		19F429ED6DCAE694D9F320A5 /* DefaultHealthKitServiceTests.swift in Sources */ = {isa = PBXBuildFile; fileRef = CED0406FACA58A2C6335701C /* DefaultHealthKitServiceTests.swift */; };
		1A61A8AC7DA035CAB99288E3 /* CoachingSageMigrationPlan.swift in Sources */ = {isa = PBXBuildFile; fileRef = 96129C60079ED20BAF2E7532 /* CoachingSageMigrationPlan.swift */; };
		1D0187EE395E785F63FD75E2 /* CoachingSportProfileRepository.swift in Sources */ = {isa = PBXBuildFile; fileRef = 7A2BB2509E404D5AC28F91C8 /* CoachingSportProfileRepository.swift */; };
		1FAA165087E1641EE4D5CEA7 /* EditHealthQuestionsViewModelTests.swift in Sources */ = {isa = PBXBuildFile; fileRef = 8BAE590511A838B42E54BCB0 /* EditHealthQuestionsViewModelTests.swift */; };
		248932584006135D5BDE26CC /* EditPersonalDataView.swift in Sources */ = {isa = PBXBuildFile; fileRef = 9D18131F1F3A6315CDA518F9 /* EditPersonalDataView.swift */; };
		275660E41945D64FCF7003D9 /* AccountService.swift in Sources */ = {isa = PBXBuildFile; fileRef = F583C511E407F30A20ACCED7 /* AccountService.swift */; };
		295A45B77A257CC37867C33C /* Font+Coaching.swift in Sources */ = {isa = PBXBuildFile; fileRef = 853EC636E8FC829E84AE2F8C /* Font+Coaching.swift */; };
		2A8ACCF0238CAD4C5B705B1C /* RunningQuestionnaireTests.swift in Sources */ = {isa = PBXBuildFile; fileRef = 5BB37F747385ABD6B7FD1EAA /* RunningQuestionnaireTests.swift */; };
		2BD1B69DB7E9DBC2F6895C90 /* ConstraintSubstitutionRule.swift in Sources */ = {isa = PBXBuildFile; fileRef = AF30E01D4808AD24E7E06CB5 /* ConstraintSubstitutionRule.swift */; };
		2C13B054084056BEA240407D /* EditPersonalDataViewModelTests.swift in Sources */ = {isa = PBXBuildFile; fileRef = BC233657256C05D557BA0151 /* EditPersonalDataViewModelTests.swift */; };
		3036CC0F771D2EE4F0148333 /* CoachingSageApp.swift in Sources */ = {isa = PBXBuildFile; fileRef = 996ACBB1413DB2AEDAEABD09 /* CoachingSageApp.swift */; };
		31A87147E42986283B200655 /* CoachingProfile.swift in Sources */ = {isa = PBXBuildFile; fileRef = E8633E1585AA578B1F492E71 /* CoachingProfile.swift */; };
		36EA80BB5B9C5D1FDF785B7A /* ProfileViewModel.swift in Sources */ = {isa = PBXBuildFile; fileRef = 3EF9054E08CE2E32F463DF7A /* ProfileViewModel.swift */; };
		3DF61183C9B16C95D7364BBB /* ProfileViewModelTests.swift in Sources */ = {isa = PBXBuildFile; fileRef = 320F9552DDD606C09C9F016A /* ProfileViewModelTests.swift */; };
		3F42AB967BEF9A764312C7C8 /* SportQuestionnaireViewModel.swift in Sources */ = {isa = PBXBuildFile; fileRef = D8CAA93EFEA66C0504AA6A63 /* SportQuestionnaireViewModel.swift */; };
		400002C5E5134C01E60F2F64 /* Color+Coaching.swift in Sources */ = {isa = PBXBuildFile; fileRef = 5103E796106AED5FE07D891C /* Color+Coaching.swift */; };
		4509E1D29B7DF4E5B46E019D /* SecondaryButtonStyle.swift in Sources */ = {isa = PBXBuildFile; fileRef = 96A079FB0D2D5861E944FA11 /* SecondaryButtonStyle.swift */; };
		473CFBD55514A3D7F16A8692 /* CoreProfileRepository.swift in Sources */ = {isa = PBXBuildFile; fileRef = C795F3D7C4B0D0010E47E0FC /* CoreProfileRepository.swift */; };
		475FF316265DD93431C69AF0 /* ProfileView.swift in Sources */ = {isa = PBXBuildFile; fileRef = DC5A1E2FF6CEB413581B9258 /* ProfileView.swift */; };
		4B2667405C169FC3C43466EB /* SyncService.swift in Sources */ = {isa = PBXBuildFile; fileRef = 825431EAE588973840516E7D /* SyncService.swift */; };
		4B61CCA99758E9A8D1FBB470 /* EditActiveSportsViewModelTests.swift in Sources */ = {isa = PBXBuildFile; fileRef = D6D207C4511285357A159853 /* EditActiveSportsViewModelTests.swift */; };
		4BD95BAA7812CB4D6A0AB9D5 /* DefaultCoachingSportProfileRepository.swift in Sources */ = {isa = PBXBuildFile; fileRef = 416D4B117CF241583BED7C9D /* DefaultCoachingSportProfileRepository.swift */; };
		4CFE4130EABB74E0C23AE0E4 /* EditHealthQuestionsView.swift in Sources */ = {isa = PBXBuildFile; fileRef = 298CD71F3B40FF097F96F630 /* EditHealthQuestionsView.swift */; };
		4D0C40DA7AA71C529DD78BC4 /* CoachingSageUITests.swift in Sources */ = {isa = PBXBuildFile; fileRef = 87E5560C4D3A9B8C5694D8DB /* CoachingSageUITests.swift */; };
		4E430F250AF780BCEC30A31D /* HealthKitService.swift in Sources */ = {isa = PBXBuildFile; fileRef = 1A9BAB7D2DDF64FD058DF022 /* HealthKitService.swift */; };
		4EB267BF29B5746A89B51F78 /* FirstNameLanguageView.swift in Sources */ = {isa = PBXBuildFile; fileRef = 7934E8F88AB9CDBAD7F949D3 /* FirstNameLanguageView.swift */; };
		4EE6F4E67F63D351AAB9CFD9 /* SportQuestionnaire.swift in Sources */ = {isa = PBXBuildFile; fileRef = D406CF7DFD027D6C9BBC1212 /* SportQuestionnaire.swift */; };
		519D48190BC092F5D8B498F8 /* NotificationPreferences.swift in Sources */ = {isa = PBXBuildFile; fileRef = 977B581BCC54654D261CFCE2 /* NotificationPreferences.swift */; };
		53A02AA56E34E7C3A20C2F1D /* TemplateLoader in Frameworks */ = {isa = PBXBuildFile; productRef = AF9124F222BBB54A71428AF2 /* TemplateLoader */; };
		54BBA9C3DB209789B0440B01 /* CoachingSportProfileDTO.swift in Sources */ = {isa = PBXBuildFile; fileRef = CE54FC35D658001D1ED5FAAF /* CoachingSportProfileDTO.swift */; };
		5652B7B5C3BD2A8E4E24F5CA /* PlaceholderScreen.swift in Sources */ = {isa = PBXBuildFile; fileRef = 7CBF2077E78382BFBC8DF087 /* PlaceholderScreen.swift */; };
		580946AF1BF3149ED4A755B0 /* AuthViewModelTests.swift in Sources */ = {isa = PBXBuildFile; fileRef = 0FF2FBAE3700B0D288B12991 /* AuthViewModelTests.swift */; };
		5BD45704BC3564A23F9AC915 /* SportsSelectionView.swift in Sources */ = {isa = PBXBuildFile; fileRef = 4761289D369D54A7E5D67713 /* SportsSelectionView.swift */; };
		5C2A3512103A2E76484EF635 /* TypingIndicatorView.swift in Sources */ = {isa = PBXBuildFile; fileRef = 1D578C7C8A74F895B24C68DC /* TypingIndicatorView.swift */; };
		60611C6FDD8493F3EC29044F /* DefaultCoreProfileRepository.swift in Sources */ = {isa = PBXBuildFile; fileRef = BA55024C693442B9733FAD1F /* DefaultCoreProfileRepository.swift */; };
		638C91209A629F17273F3B2B /* Localizable.xcstrings in Resources */ = {isa = PBXBuildFile; fileRef = 2EB0C8F5D50D573B2B9BC515 /* Localizable.xcstrings */; };
		63AFBA0CF7030D1A2DA8B28A /* PostgREST in Frameworks */ = {isa = PBXBuildFile; productRef = 4FAC1159ED8687BBF9FB176C /* PostgREST */; };
		644EF2F18A17003FB757F961 /* HealthKitProfileDataTests.swift in Sources */ = {isa = PBXBuildFile; fileRef = 38864DEADC1C88CF2740C9B8 /* HealthKitProfileDataTests.swift */; };
		659CDC4DFE0D0D5351EB7A38 /* MedicalClearanceRule.swift in Sources */ = {isa = PBXBuildFile; fileRef = 788DB6157A574221EC85D189 /* MedicalClearanceRule.swift */; };
		671F6891D05DE04E6ADAA082 /* MockAccountService.swift in Sources */ = {isa = PBXBuildFile; fileRef = EB6820E4D33B023589DDB16D /* MockAccountService.swift */; };
		69267268E4E32FC81FEB52E9 /* VolumeModulationRule.swift in Sources */ = {isa = PBXBuildFile; fileRef = 32CD0AD15ACB11F258D75EA4 /* VolumeModulationRule.swift */; };
		6BF4574DC00C51E0CCABDD06 /* LanguageManager.swift in Sources */ = {isa = PBXBuildFile; fileRef = C835AAF7C7FF60A9685A373A /* LanguageManager.swift */; };
		6CC93D984B040CEA05B93CA8 /* RunningQuestionnaire.swift in Sources */ = {isa = PBXBuildFile; fileRef = EC403EF488D7821DDD9B054B /* RunningQuestionnaire.swift */; };
		7055F12DDF651AE659A6C63B /* Supabase in Frameworks */ = {isa = PBXBuildFile; productRef = 8C550ECF6B5EE55503850168 /* Supabase */; };
		725FA031D6955775B3664D46 /* EditPersonalDataViewModel.swift in Sources */ = {isa = PBXBuildFile; fileRef = 146849140205ADEA754F7627 /* EditPersonalDataViewModel.swift */; };
		74579ED08AC3D971646B54AE /* SyncServiceTests.swift in Sources */ = {isa = PBXBuildFile; fileRef = AD694BEF0ED16336A47231A5 /* SyncServiceTests.swift */; };
		7B378D4C481A27576DF8DF2F /* EditIdentityViewModelTests.swift in Sources */ = {isa = PBXBuildFile; fileRef = B37826961FB3093F6CEA4C88 /* EditIdentityViewModelTests.swift */; };
		7B7BD6644EF253301E62BE6C /* EditHealthQuestionsViewModel.swift in Sources */ = {isa = PBXBuildFile; fileRef = DE3D22F704BC3DD41B22D0DD /* EditHealthQuestionsViewModel.swift */; };
		7BF060A3287AB0E4C57A1A84 /* AccountViewModel.swift in Sources */ = {isa = PBXBuildFile; fileRef = 2A7A4A0324594866525D7727 /* AccountViewModel.swift */; };
		8052B19196DBBCAB04E35AC4 /* CoachingSageTests.swift in Sources */ = {isa = PBXBuildFile; fileRef = D748D86D983DE72D41A9DCC8 /* CoachingSageTests.swift */; };
		81685808C126A0DEEDBDBBC5 /* EditIdentityViewModel.swift in Sources */ = {isa = PBXBuildFile; fileRef = 23F8E19E5BED6B375A764B60 /* EditIdentityViewModel.swift */; };
		835598B98FDA185AF124604E /* Auth in Frameworks */ = {isa = PBXBuildFile; productRef = DC9E798329CB4B58A36EB835 /* Auth */; };
		83CD7D845AF35A2C051BF250 /* AuthView.swift in Sources */ = {isa = PBXBuildFile; fileRef = 3B1D7C33CFE4977F4BDB7035 /* AuthView.swift */; };
		84541E98CB851A75C64B8DD7 /* SchemaV3.swift in Sources */ = {isa = PBXBuildFile; fileRef = D81F23317F3A7834B2AC77BD /* SchemaV3.swift */; };
		84FCF18F9EAD2792ABC0F20A /* OnboardingView.swift in Sources */ = {isa = PBXBuildFile; fileRef = 00CDA5561C2794DFE9BED43D /* OnboardingView.swift */; };
		8A864EC473867A3659A61AB8 /* CoreProfileDTO.swift in Sources */ = {isa = PBXBuildFile; fileRef = AECA89A91146FD3FC5486BFB /* CoreProfileDTO.swift */; };
		8AA41A3B96ED5CB6EEC58784 /* SessionView.swift in Sources */ = {isa = PBXBuildFile; fileRef = 794326F734BF647075562516 /* SessionView.swift */; };
		8F19906C558D486B4DFB6FC7 /* SageCoreProfile.swift in Sources */ = {isa = PBXBuildFile; fileRef = B75229FDF1730BFAB470F33E /* SageCoreProfile.swift */; };
		924E073E04B26053E702D1F9 /* SyncBannerUITests.swift in Sources */ = {isa = PBXBuildFile; fileRef = 88E73747D7F8294A984BA9A6 /* SyncBannerUITests.swift */; };
		9266674344C255E0270AD787 /* Storage in Frameworks */ = {isa = PBXBuildFile; productRef = 387E901F3003338D1D455F57 /* Storage */; };
		92BB27383616BA8B26C36F45 /* LeonAvatarView.swift in Sources */ = {isa = PBXBuildFile; fileRef = 8EAB84EC88BEA5EDB8D2638F /* LeonAvatarView.swift */; };
		955C8C71D466E4B29E07BB4E /* Realtime in Frameworks */ = {isa = PBXBuildFile; productRef = 425DD5A4004D8904AF335FC0 /* Realtime */; };
		996E085A80497941996B96DC /* MockAuthService.swift in Sources */ = {isa = PBXBuildFile; fileRef = C20DB657D3395503D4C7C654 /* MockAuthService.swift */; };
		9D8D39449E4C6F3FB836A108 /* DangerButtonStyle.swift in Sources */ = {isa = PBXBuildFile; fileRef = 8DCD1B02C30480FFD945849A /* DangerButtonStyle.swift */; };
		9ED08CDB8B6AD2C48A98ADAC /* PendingOperation.swift in Sources */ = {isa = PBXBuildFile; fileRef = 8FA8474B16A1085DC583F637 /* PendingOperation.swift */; };
		A0684D2705A4C792249C4465 /* AuthViewModel.swift in Sources */ = {isa = PBXBuildFile; fileRef = 242338C6A253BA0C07D92BE7 /* AuthViewModel.swift */; };
		A4894C08FF5A0F302A6BDDD2 /* SchemaV2.swift in Sources */ = {isa = PBXBuildFile; fileRef = 5A74AFE437B689F44D3D9710 /* SchemaV2.swift */; };
		A7F8F79B1E2EB44DA707B3DB /* SchemaV1.swift in Sources */ = {isa = PBXBuildFile; fileRef = 3FC63A8EC767EEA99877F1B4 /* SchemaV1.swift */; };
		A9F8891EB940C0595862C47F /* OnboardingViewModelTests.swift in Sources */ = {isa = PBXBuildFile; fileRef = 08FA9F8272DD2547280CA4D0 /* OnboardingViewModelTests.swift */; };
		AA9634DD1A4190D25D9C37D3 /* SignInWithAppleButton.swift in Sources */ = {isa = PBXBuildFile; fileRef = 89BFA8B7A260C833D10ECE0D /* SignInWithAppleButton.swift */; };
		AE7B11F7F4076D070A79C6F4 /* AccountViewModelTests.swift in Sources */ = {isa = PBXBuildFile; fileRef = 52DF96692AD6EE1B50103B26 /* AccountViewModelTests.swift */; };
		AFF8F953167F6A3E34F9A594 /* CoachingRadius.swift in Sources */ = {isa = PBXBuildFile; fileRef = 59B298A62312506D41778AB2 /* CoachingRadius.swift */; };
		B215BA8BE2CC40B6AD5B3A7A /* AppDependencies.swift in Sources */ = {isa = PBXBuildFile; fileRef = C5FBFF7B81DFD25F150C64B6 /* AppDependencies.swift */; };
		B6A64FF3B0F8A320A542A680 /* MedicalDisclaimerView.swift in Sources */ = {isa = PBXBuildFile; fileRef = BFFDE51E705DA72DDAF1503A /* MedicalDisclaimerView.swift */; };
		B9040BECBA01FF832AF49020 /* Functions in Frameworks */ = {isa = PBXBuildFile; productRef = 55602A83122E41C314502A6E /* Functions */; };
		BA26EA86544CC3C0A3B8D54E /* SportQuestionnaireViewModelTests.swift in Sources */ = {isa = PBXBuildFile; fileRef = 21385559EA7CA35AECA3F5D2 /* SportQuestionnaireViewModelTests.swift */; };
		BA680ABD2BD964BD5144A5C2 /* ProgramAdapter.swift in Sources */ = {isa = PBXBuildFile; fileRef = 148EE860E1B9C2E07F2FB094 /* ProgramAdapter.swift */; };
		BC6577181EDB7DD7289A45FA /* MockCoachingProfileRepository.swift in Sources */ = {isa = PBXBuildFile; fileRef = E61DF44D231A7484C878C468 /* MockCoachingProfileRepository.swift */; };
		BCBBF8479C459D3E9F55DD5E /* EditActiveSportsView.swift in Sources */ = {isa = PBXBuildFile; fileRef = 51FFF0728A81D4935CC8DE26 /* EditActiveSportsView.swift */; };
		BE7E3A86034C05EAF9D3621E /* PersonalDataView.swift in Sources */ = {isa = PBXBuildFile; fileRef = C5EADAE8CB2C4A12FA89F583 /* PersonalDataView.swift */; };
		C755C0A750882D1CA9BD9BD3 /* MockHealthKitService.swift in Sources */ = {isa = PBXBuildFile; fileRef = EC67B65FAEF299DD0F20CCC7 /* MockHealthKitService.swift */; };
		CAEDFC81C2BE3E9783C877B3 /* LanguageSelectorView.swift in Sources */ = {isa = PBXBuildFile; fileRef = CC3BD552E6869C2D947BB067 /* LanguageSelectorView.swift */; };
		CE56D934B06FD6017D48538B /* SportQuestionnaireView.swift in Sources */ = {isa = PBXBuildFile; fileRef = 21C9BF1B6582AF431E9F64D8 /* SportQuestionnaireView.swift */; };
		D0292E551C1F7F25695EA52F /* CoachingSportProfile.swift in Sources */ = {isa = PBXBuildFile; fileRef = 1CDCAFA8862C0E986B5DE6BE /* CoachingSportProfile.swift */; };
		D38FC9E49DE8DB05D391C141 /* MainTabView.swift in Sources */ = {isa = PBXBuildFile; fileRef = 42241D18ACACFD2E0DD6DB8B /* MainTabView.swift */; };
		D47539F760B0F1D44DD0BF60 /* ChatBubbleView.swift in Sources */ = {isa = PBXBuildFile; fileRef = D2257B07BBA062D00EDA6938 /* ChatBubbleView.swift */; };
		D75621E4CA0D5710CDA2604C /* AppConstants.swift in Sources */ = {isa = PBXBuildFile; fileRef = 10210F100B4F71B634C26C3C /* AppConstants.swift */; };
		DD223EDEC0DA42292CA14A82 /* MockCoreProfileRepository.swift in Sources */ = {isa = PBXBuildFile; fileRef = 2AC788BB1F14199FEA38C00F /* MockCoreProfileRepository.swift */; };
		DD69EC7BA8E9089F1FB95D2F /* MockCoachingSportProfileRepository.swift in Sources */ = {isa = PBXBuildFile; fileRef = FE2EBCDA71129879332CF57F /* MockCoachingSportProfileRepository.swift */; };
		DFD09979F7F0369D97070AE8 /* OnboardingViewModel.swift in Sources */ = {isa = PBXBuildFile; fileRef = 45D0FEED4C08BC69C690A557 /* OnboardingViewModel.swift */; };
		E15261341A619614581A3A8B /* RunningQuestionnaireLocalizationTests.swift in Sources */ = {isa = PBXBuildFile; fileRef = 4533A54B2A3061A8E539AF7C /* RunningQuestionnaireLocalizationTests.swift */; };
		E48017DF79FFF321E908A75D /* DefaultCoachingProfileRepositoryTests.swift in Sources */ = {isa = PBXBuildFile; fileRef = 76F7302E080C1CF8E6C5FD7A /* DefaultCoachingProfileRepositoryTests.swift */; };
		E6388A0891961D80DBB88F4F /* AdaptedProgram.swift in Sources */ = {isa = PBXBuildFile; fileRef = 8C386FFD4C1E8B3B3AB15E3E /* AdaptedProgram.swift */; };
		E8A23128EBFB93E117654E9E /* TemplateModel in Frameworks */ = {isa = PBXBuildFile; productRef = 36070880343E94EA1028E630 /* TemplateModel */; };
		E94DC99E9D5C62DCB2B2449C /* CoachingProfileRepository.swift in Sources */ = {isa = PBXBuildFile; fileRef = 90271CAE527EEB127D6D5498 /* CoachingProfileRepository.swift */; };
		E9541516F5AFB01D23060E42 /* LevelPacingRule.swift in Sources */ = {isa = PBXBuildFile; fileRef = 0139D8ABD3AACC3342119EB3 /* LevelPacingRule.swift */; };
		EA772B264DE38876B5918EC1 /* SageCore in Frameworks */ = {isa = PBXBuildFile; productRef = D50DFFCB3B420D5A254989C7 /* SageCore */; };
		EC8A532444DE6A169AB994A0 /* ProgressionView.swift in Sources */ = {isa = PBXBuildFile; fileRef = A0E01746A88F6AE565187197 /* ProgressionView.swift */; };
		EE12809016D13F546FFEEE59 /* DefaultCoachingProfileRepository.swift in Sources */ = {isa = PBXBuildFile; fileRef = 20B63602A900998FD8DF4029 /* DefaultCoachingProfileRepository.swift */; };
		F03495EF5B63C09F83524E05 /* AuthService.swift in Sources */ = {isa = PBXBuildFile; fileRef = 567401E3501A58FD3263A9D6 /* AuthService.swift */; };
		F3BD557AE6AA0AA7DF4E3124 /* DeleteAccountView.swift in Sources */ = {isa = PBXBuildFile; fileRef = 6692E5D63506022D83A73659 /* DeleteAccountView.swift */; };
		F43D12044EB8B2A181AEB4B0 /* AdaptationRule.swift in Sources */ = {isa = PBXBuildFile; fileRef = F3777EA7028C4E63C42076C7 /* AdaptationRule.swift */; };
		F60A30DDBF1182AF1B05D80E /* TodayView.swift in Sources */ = {isa = PBXBuildFile; fileRef = 7B7D957E1FAE36AD570B5685 /* TodayView.swift */; };
		FFF09312274F5D35BCFFB5A0 /* TypingDelayProvider.swift in Sources */ = {isa = PBXBuildFile; fileRef = 251FB5D7FE8B97058766FCDF /* TypingDelayProvider.swift */; };
/* End PBXBuildFile section */

/* Begin PBXContainerItemProxy section */
		F7AA022F574737190286C6B0 /* PBXContainerItemProxy */ = {
			isa = PBXContainerItemProxy;
			containerPortal = E3902569614F1CADF686DE24 /* Project object */;
			proxyType = 1;
			remoteGlobalIDString = 5C802E5FCC09BD7C50089F15;
			remoteInfo = CoachingSage;
		};
		FB2DBF8A65D1C9D6998167BF /* PBXContainerItemProxy */ = {
			isa = PBXContainerItemProxy;
			containerPortal = E3902569614F1CADF686DE24 /* Project object */;
			proxyType = 1;
			remoteGlobalIDString = 5C802E5FCC09BD7C50089F15;
			remoteInfo = CoachingSage;
		};
/* End PBXContainerItemProxy section */

/* Begin PBXFileReference section */
		00CDA5561C2794DFE9BED43D /* OnboardingView.swift */ = {isa = PBXFileReference; lastKnownFileType = sourcecode.swift; path = OnboardingView.swift; sourceTree = "<group>"; };
		0139D8ABD3AACC3342119EB3 /* LevelPacingRule.swift */ = {isa = PBXFileReference; lastKnownFileType = sourcecode.swift; path = LevelPacingRule.swift; sourceTree = "<group>"; };
		08FA9F8272DD2547280CA4D0 /* OnboardingViewModelTests.swift */ = {isa = PBXFileReference; lastKnownFileType = sourcecode.swift; path = OnboardingViewModelTests.swift; sourceTree = "<group>"; };
		097E270614FC76762536F269 /* DisclaimerPARQView.swift */ = {isa = PBXFileReference; lastKnownFileType = sourcecode.swift; path = DisclaimerPARQView.swift; sourceTree = "<group>"; };
		0FF2FBAE3700B0D288B12991 /* AuthViewModelTests.swift */ = {isa = PBXFileReference; lastKnownFileType = sourcecode.swift; path = AuthViewModelTests.swift; sourceTree = "<group>"; };
		10210F100B4F71B634C26C3C /* AppConstants.swift */ = {isa = PBXFileReference; lastKnownFileType = sourcecode.swift; path = AppConstants.swift; sourceTree = "<group>"; };
		1059E4B839F348DE30AE147E /* InfoPlist.xcstrings */ = {isa = PBXFileReference; lastKnownFileType = text.json.xcstrings; path = InfoPlist.xcstrings; sourceTree = "<group>"; };
		146849140205ADEA754F7627 /* EditPersonalDataViewModel.swift */ = {isa = PBXFileReference; lastKnownFileType = sourcecode.swift; path = EditPersonalDataViewModel.swift; sourceTree = "<group>"; };
		148EE860E1B9C2E07F2FB094 /* ProgramAdapter.swift */ = {isa = PBXFileReference; lastKnownFileType = sourcecode.swift; path = ProgramAdapter.swift; sourceTree = "<group>"; };
		183088FD9BEE7190609DAF2E /* CoachingProfileDTO.swift */ = {isa = PBXFileReference; lastKnownFileType = sourcecode.swift; path = CoachingProfileDTO.swift; sourceTree = "<group>"; };
		1A9BAB7D2DDF64FD058DF022 /* HealthKitService.swift */ = {isa = PBXFileReference; lastKnownFileType = sourcecode.swift; path = HealthKitService.swift; sourceTree = "<group>"; };
		1CDCAFA8862C0E986B5DE6BE /* CoachingSportProfile.swift */ = {isa = PBXFileReference; lastKnownFileType = sourcecode.swift; path = CoachingSportProfile.swift; sourceTree = "<group>"; };
		1D578C7C8A74F895B24C68DC /* TypingIndicatorView.swift */ = {isa = PBXFileReference; lastKnownFileType = sourcecode.swift; path = TypingIndicatorView.swift; sourceTree = "<group>"; };
		20B63602A900998FD8DF4029 /* DefaultCoachingProfileRepository.swift */ = {isa = PBXFileReference; lastKnownFileType = sourcecode.swift; path = DefaultCoachingProfileRepository.swift; sourceTree = "<group>"; };
		21385559EA7CA35AECA3F5D2 /* SportQuestionnaireViewModelTests.swift */ = {isa = PBXFileReference; lastKnownFileType = sourcecode.swift; path = SportQuestionnaireViewModelTests.swift; sourceTree = "<group>"; };
		21C9BF1B6582AF431E9F64D8 /* SportQuestionnaireView.swift */ = {isa = PBXFileReference; lastKnownFileType = sourcecode.swift; path = SportQuestionnaireView.swift; sourceTree = "<group>"; };
		23F8E19E5BED6B375A764B60 /* EditIdentityViewModel.swift */ = {isa = PBXFileReference; lastKnownFileType = sourcecode.swift; path = EditIdentityViewModel.swift; sourceTree = "<group>"; };
		242338C6A253BA0C07D92BE7 /* AuthViewModel.swift */ = {isa = PBXFileReference; lastKnownFileType = sourcecode.swift; path = AuthViewModel.swift; sourceTree = "<group>"; };
		251FB5D7FE8B97058766FCDF /* TypingDelayProvider.swift */ = {isa = PBXFileReference; lastKnownFileType = sourcecode.swift; path = TypingDelayProvider.swift; sourceTree = "<group>"; };
		298CD71F3B40FF097F96F630 /* EditHealthQuestionsView.swift */ = {isa = PBXFileReference; lastKnownFileType = sourcecode.swift; path = EditHealthQuestionsView.swift; sourceTree = "<group>"; };
		2A7A4A0324594866525D7727 /* AccountViewModel.swift */ = {isa = PBXFileReference; lastKnownFileType = sourcecode.swift; path = AccountViewModel.swift; sourceTree = "<group>"; };
		2AC788BB1F14199FEA38C00F /* MockCoreProfileRepository.swift */ = {isa = PBXFileReference; lastKnownFileType = sourcecode.swift; path = MockCoreProfileRepository.swift; sourceTree = "<group>"; };
		2EB0C8F5D50D573B2B9BC515 /* Localizable.xcstrings */ = {isa = PBXFileReference; lastKnownFileType = text.json.xcstrings; path = Localizable.xcstrings; sourceTree = "<group>"; };
		31362A2EB1C59474F20C2C69 /* QuestionAnswerOptionsView.swift */ = {isa = PBXFileReference; lastKnownFileType = sourcecode.swift; path = QuestionAnswerOptionsView.swift; sourceTree = "<group>"; };
		320F9552DDD606C09C9F016A /* ProfileViewModelTests.swift */ = {isa = PBXFileReference; lastKnownFileType = sourcecode.swift; path = ProfileViewModelTests.swift; sourceTree = "<group>"; };
		32CD0AD15ACB11F258D75EA4 /* VolumeModulationRule.swift */ = {isa = PBXFileReference; lastKnownFileType = sourcecode.swift; path = VolumeModulationRule.swift; sourceTree = "<group>"; };
		38864DEADC1C88CF2740C9B8 /* HealthKitProfileDataTests.swift */ = {isa = PBXFileReference; lastKnownFileType = sourcecode.swift; path = HealthKitProfileDataTests.swift; sourceTree = "<group>"; };
		3B1D7C33CFE4977F4BDB7035 /* AuthView.swift */ = {isa = PBXFileReference; lastKnownFileType = sourcecode.swift; path = AuthView.swift; sourceTree = "<group>"; };
		3EF9054E08CE2E32F463DF7A /* ProfileViewModel.swift */ = {isa = PBXFileReference; lastKnownFileType = sourcecode.swift; path = ProfileViewModel.swift; sourceTree = "<group>"; };
		3FC63A8EC767EEA99877F1B4 /* SchemaV1.swift */ = {isa = PBXFileReference; lastKnownFileType = sourcecode.swift; path = SchemaV1.swift; sourceTree = "<group>"; };
		416D4B117CF241583BED7C9D /* DefaultCoachingSportProfileRepository.swift */ = {isa = PBXFileReference; lastKnownFileType = sourcecode.swift; path = DefaultCoachingSportProfileRepository.swift; sourceTree = "<group>"; };
		42241D18ACACFD2E0DD6DB8B /* MainTabView.swift */ = {isa = PBXFileReference; lastKnownFileType = sourcecode.swift; path = MainTabView.swift; sourceTree = "<group>"; };
		4533A54B2A3061A8E539AF7C /* RunningQuestionnaireLocalizationTests.swift */ = {isa = PBXFileReference; lastKnownFileType = sourcecode.swift; path = RunningQuestionnaireLocalizationTests.swift; sourceTree = "<group>"; };
		45D0FEED4C08BC69C690A557 /* OnboardingViewModel.swift */ = {isa = PBXFileReference; lastKnownFileType = sourcecode.swift; path = OnboardingViewModel.swift; sourceTree = "<group>"; };
		4761289D369D54A7E5D67713 /* SportsSelectionView.swift */ = {isa = PBXFileReference; lastKnownFileType = sourcecode.swift; path = SportsSelectionView.swift; sourceTree = "<group>"; };
		4B6EE14AEAE6F86F9A56A8DA /* QuestionnaireTypes.swift */ = {isa = PBXFileReference; lastKnownFileType = sourcecode.swift; path = QuestionnaireTypes.swift; sourceTree = "<group>"; };
		5103E796106AED5FE07D891C /* Color+Coaching.swift */ = {isa = PBXFileReference; lastKnownFileType = sourcecode.swift; path = "Color+Coaching.swift"; sourceTree = "<group>"; };
		51FFF0728A81D4935CC8DE26 /* EditActiveSportsView.swift */ = {isa = PBXFileReference; lastKnownFileType = sourcecode.swift; path = EditActiveSportsView.swift; sourceTree = "<group>"; };
		52DF96692AD6EE1B50103B26 /* AccountViewModelTests.swift */ = {isa = PBXFileReference; lastKnownFileType = sourcecode.swift; path = AccountViewModelTests.swift; sourceTree = "<group>"; };
		567401E3501A58FD3263A9D6 /* AuthService.swift */ = {isa = PBXFileReference; lastKnownFileType = sourcecode.swift; path = AuthService.swift; sourceTree = "<group>"; };
		59B298A62312506D41778AB2 /* CoachingRadius.swift */ = {isa = PBXFileReference; lastKnownFileType = sourcecode.swift; path = CoachingRadius.swift; sourceTree = "<group>"; };
		5A74AFE437B689F44D3D9710 /* SchemaV2.swift */ = {isa = PBXFileReference; lastKnownFileType = sourcecode.swift; path = SchemaV2.swift; sourceTree = "<group>"; };
		5BB37F747385ABD6B7FD1EAA /* RunningQuestionnaireTests.swift */ = {isa = PBXFileReference; lastKnownFileType = sourcecode.swift; path = RunningQuestionnaireTests.swift; sourceTree = "<group>"; };
		61B017AF1629A841BB1DE70C /* EditIdentityView.swift */ = {isa = PBXFileReference; lastKnownFileType = sourcecode.swift; path = EditIdentityView.swift; sourceTree = "<group>"; };
		633F4421043C728EBE0DA6CF /* QuestionnaireDTOs.swift */ = {isa = PBXFileReference; lastKnownFileType = sourcecode.swift; path = QuestionnaireDTOs.swift; sourceTree = "<group>"; };
		6692E5D63506022D83A73659 /* DeleteAccountView.swift */ = {isa = PBXFileReference; lastKnownFileType = sourcecode.swift; path = DeleteAccountView.swift; sourceTree = "<group>"; };
		6DBB134FE9E01E10EA66716D /* CoachingSage.app */ = {isa = PBXFileReference; includeInIndex = 0; lastKnownFileType = wrapper.application; path = CoachingSage.app; sourceTree = BUILT_PRODUCTS_DIR; };
		6E5E3F83216C1E86CF0D3DF5 /* CoachingSageUITests.xctest */ = {isa = PBXFileReference; includeInIndex = 0; lastKnownFileType = wrapper.cfbundle; path = CoachingSageUITests.xctest; sourceTree = BUILT_PRODUCTS_DIR; };
		76F7302E080C1CF8E6C5FD7A /* DefaultCoachingProfileRepositoryTests.swift */ = {isa = PBXFileReference; lastKnownFileType = sourcecode.swift; path = DefaultCoachingProfileRepositoryTests.swift; sourceTree = "<group>"; };
		788DB6157A574221EC85D189 /* MedicalClearanceRule.swift */ = {isa = PBXFileReference; lastKnownFileType = sourcecode.swift; path = MedicalClearanceRule.swift; sourceTree = "<group>"; };
		7934E8F88AB9CDBAD7F949D3 /* FirstNameLanguageView.swift */ = {isa = PBXFileReference; lastKnownFileType = sourcecode.swift; path = FirstNameLanguageView.swift; sourceTree = "<group>"; };
		794326F734BF647075562516 /* SessionView.swift */ = {isa = PBXFileReference; lastKnownFileType = sourcecode.swift; path = SessionView.swift; sourceTree = "<group>"; };
		7A2BB2509E404D5AC28F91C8 /* CoachingSportProfileRepository.swift */ = {isa = PBXFileReference; lastKnownFileType = sourcecode.swift; path = CoachingSportProfileRepository.swift; sourceTree = "<group>"; };
		7B7D957E1FAE36AD570B5685 /* TodayView.swift */ = {isa = PBXFileReference; lastKnownFileType = sourcecode.swift; path = TodayView.swift; sourceTree = "<group>"; };
		7CBF2077E78382BFBC8DF087 /* PlaceholderScreen.swift */ = {isa = PBXFileReference; lastKnownFileType = sourcecode.swift; path = PlaceholderScreen.swift; sourceTree = "<group>"; };
		81F74486CA1CCB28D7592A09 /* AccountServiceTests.swift */ = {isa = PBXFileReference; lastKnownFileType = sourcecode.swift; path = AccountServiceTests.swift; sourceTree = "<group>"; };
		825431EAE588973840516E7D /* SyncService.swift */ = {isa = PBXFileReference; lastKnownFileType = sourcecode.swift; path = SyncService.swift; sourceTree = "<group>"; };
		853EC636E8FC829E84AE2F8C /* Font+Coaching.swift */ = {isa = PBXFileReference; lastKnownFileType = sourcecode.swift; path = "Font+Coaching.swift"; sourceTree = "<group>"; };
		87E5560C4D3A9B8C5694D8DB /* CoachingSageUITests.swift */ = {isa = PBXFileReference; lastKnownFileType = sourcecode.swift; path = CoachingSageUITests.swift; sourceTree = "<group>"; };
		88E73747D7F8294A984BA9A6 /* SyncBannerUITests.swift */ = {isa = PBXFileReference; lastKnownFileType = sourcecode.swift; path = SyncBannerUITests.swift; sourceTree = "<group>"; };
		89BFA8B7A260C833D10ECE0D /* SignInWithAppleButton.swift */ = {isa = PBXFileReference; lastKnownFileType = sourcecode.swift; path = SignInWithAppleButton.swift; sourceTree = "<group>"; };
		8BAE590511A838B42E54BCB0 /* EditHealthQuestionsViewModelTests.swift */ = {isa = PBXFileReference; lastKnownFileType = sourcecode.swift; path = EditHealthQuestionsViewModelTests.swift; sourceTree = "<group>"; };
		8C386FFD4C1E8B3B3AB15E3E /* AdaptedProgram.swift */ = {isa = PBXFileReference; lastKnownFileType = sourcecode.swift; path = AdaptedProgram.swift; sourceTree = "<group>"; };
		8D9D0B00943AA18035FAE063 /* EquipmentSubstitutionRule.swift */ = {isa = PBXFileReference; lastKnownFileType = sourcecode.swift; path = EquipmentSubstitutionRule.swift; sourceTree = "<group>"; };
		8DCD1B02C30480FFD945849A /* DangerButtonStyle.swift */ = {isa = PBXFileReference; lastKnownFileType = sourcecode.swift; path = DangerButtonStyle.swift; sourceTree = "<group>"; };
		8EAB84EC88BEA5EDB8D2638F /* LeonAvatarView.swift */ = {isa = PBXFileReference; lastKnownFileType = sourcecode.swift; path = LeonAvatarView.swift; sourceTree = "<group>"; };
		8FA8474B16A1085DC583F637 /* PendingOperation.swift */ = {isa = PBXFileReference; lastKnownFileType = sourcecode.swift; path = PendingOperation.swift; sourceTree = "<group>"; };
		90271CAE527EEB127D6D5498 /* CoachingProfileRepository.swift */ = {isa = PBXFileReference; lastKnownFileType = sourcecode.swift; path = CoachingProfileRepository.swift; sourceTree = "<group>"; };
		96129C60079ED20BAF2E7532 /* CoachingSageMigrationPlan.swift */ = {isa = PBXFileReference; lastKnownFileType = sourcecode.swift; path = CoachingSageMigrationPlan.swift; sourceTree = "<group>"; };
		96A079FB0D2D5861E944FA11 /* SecondaryButtonStyle.swift */ = {isa = PBXFileReference; lastKnownFileType = sourcecode.swift; path = SecondaryButtonStyle.swift; sourceTree = "<group>"; };
		977B581BCC54654D261CFCE2 /* NotificationPreferences.swift */ = {isa = PBXFileReference; lastKnownFileType = sourcecode.swift; path = NotificationPreferences.swift; sourceTree = "<group>"; };
		97DD16261E5B3C2722098D12 /* CoachingSageTests.xctest */ = {isa = PBXFileReference; includeInIndex = 0; lastKnownFileType = wrapper.cfbundle; path = CoachingSageTests.xctest; sourceTree = BUILT_PRODUCTS_DIR; };
		996ACBB1413DB2AEDAEABD09 /* CoachingSageApp.swift */ = {isa = PBXFileReference; lastKnownFileType = sourcecode.swift; path = CoachingSageApp.swift; sourceTree = "<group>"; };
		9D18131F1F3A6315CDA518F9 /* EditPersonalDataView.swift */ = {isa = PBXFileReference; lastKnownFileType = sourcecode.swift; path = EditPersonalDataView.swift; sourceTree = "<group>"; };
		A0E01746A88F6AE565187197 /* ProgressionView.swift */ = {isa = PBXFileReference; lastKnownFileType = sourcecode.swift; path = ProgressionView.swift; sourceTree = "<group>"; };
		A2C3ACFCDC006AD85C8C6DD5 /* EditActiveSportsViewModel.swift */ = {isa = PBXFileReference; lastKnownFileType = sourcecode.swift; path = EditActiveSportsViewModel.swift; sourceTree = "<group>"; };
		A3D14BBE0C4ED62CE64E0583 /* SupabaseService.swift */ = {isa = PBXFileReference; lastKnownFileType = sourcecode.swift; path = SupabaseService.swift; sourceTree = "<group>"; };
		A54703AA569A5DF3C64122F0 /* PrimaryButtonStyle.swift */ = {isa = PBXFileReference; lastKnownFileType = sourcecode.swift; path = PrimaryButtonStyle.swift; sourceTree = "<group>"; };
		AD694BEF0ED16336A47231A5 /* SyncServiceTests.swift */ = {isa = PBXFileReference; lastKnownFileType = sourcecode.swift; path = SyncServiceTests.swift; sourceTree = "<group>"; };
		AECA89A91146FD3FC5486BFB /* CoreProfileDTO.swift */ = {isa = PBXFileReference; lastKnownFileType = sourcecode.swift; path = CoreProfileDTO.swift; sourceTree = "<group>"; };
		AF30E01D4808AD24E7E06CB5 /* ConstraintSubstitutionRule.swift */ = {isa = PBXFileReference; lastKnownFileType = sourcecode.swift; path = ConstraintSubstitutionRule.swift; sourceTree = "<group>"; };
		B37826961FB3093F6CEA4C88 /* EditIdentityViewModelTests.swift */ = {isa = PBXFileReference; lastKnownFileType = sourcecode.swift; path = EditIdentityViewModelTests.swift; sourceTree = "<group>"; };
		B75229FDF1730BFAB470F33E /* SageCoreProfile.swift */ = {isa = PBXFileReference; lastKnownFileType = sourcecode.swift; path = SageCoreProfile.swift; sourceTree = "<group>"; };
		BA55024C693442B9733FAD1F /* DefaultCoreProfileRepository.swift */ = {isa = PBXFileReference; lastKnownFileType = sourcecode.swift; path = DefaultCoreProfileRepository.swift; sourceTree = "<group>"; };
		BC233657256C05D557BA0151 /* EditPersonalDataViewModelTests.swift */ = {isa = PBXFileReference; lastKnownFileType = sourcecode.swift; path = EditPersonalDataViewModelTests.swift; sourceTree = "<group>"; };
		BFFDE51E705DA72DDAF1503A /* MedicalDisclaimerView.swift */ = {isa = PBXFileReference; lastKnownFileType = sourcecode.swift; path = MedicalDisclaimerView.swift; sourceTree = "<group>"; };
		C20DB657D3395503D4C7C654 /* MockAuthService.swift */ = {isa = PBXFileReference; lastKnownFileType = sourcecode.swift; path = MockAuthService.swift; sourceTree = "<group>"; };
		C5EADAE8CB2C4A12FA89F583 /* PersonalDataView.swift */ = {isa = PBXFileReference; lastKnownFileType = sourcecode.swift; path = PersonalDataView.swift; sourceTree = "<group>"; };
		C5FBFF7B81DFD25F150C64B6 /* AppDependencies.swift */ = {isa = PBXFileReference; lastKnownFileType = sourcecode.swift; path = AppDependencies.swift; sourceTree = "<group>"; };
		C795F3D7C4B0D0010E47E0FC /* CoreProfileRepository.swift */ = {isa = PBXFileReference; lastKnownFileType = sourcecode.swift; path = CoreProfileRepository.swift; sourceTree = "<group>"; };
		C835AAF7C7FF60A9685A373A /* LanguageManager.swift */ = {isa = PBXFileReference; lastKnownFileType = sourcecode.swift; path = LanguageManager.swift; sourceTree = "<group>"; };
		CC3BD552E6869C2D947BB067 /* LanguageSelectorView.swift */ = {isa = PBXFileReference; lastKnownFileType = sourcecode.swift; path = LanguageSelectorView.swift; sourceTree = "<group>"; };
		CE54FC35D658001D1ED5FAAF /* CoachingSportProfileDTO.swift */ = {isa = PBXFileReference; lastKnownFileType = sourcecode.swift; path = CoachingSportProfileDTO.swift; sourceTree = "<group>"; };
		CED0406FACA58A2C6335701C /* DefaultHealthKitServiceTests.swift */ = {isa = PBXFileReference; lastKnownFileType = sourcecode.swift; path = DefaultHealthKitServiceTests.swift; sourceTree = "<group>"; };
		D2257B07BBA062D00EDA6938 /* ChatBubbleView.swift */ = {isa = PBXFileReference; lastKnownFileType = sourcecode.swift; path = ChatBubbleView.swift; sourceTree = "<group>"; };
		D406CF7DFD027D6C9BBC1212 /* SportQuestionnaire.swift */ = {isa = PBXFileReference; lastKnownFileType = sourcecode.swift; path = SportQuestionnaire.swift; sourceTree = "<group>"; };
		D6D207C4511285357A159853 /* EditActiveSportsViewModelTests.swift */ = {isa = PBXFileReference; lastKnownFileType = sourcecode.swift; path = EditActiveSportsViewModelTests.swift; sourceTree = "<group>"; };
		D748D86D983DE72D41A9DCC8 /* CoachingSageTests.swift */ = {isa = PBXFileReference; lastKnownFileType = sourcecode.swift; path = CoachingSageTests.swift; sourceTree = "<group>"; };
		D777FCE39A1243C60F370F5F /* Templates */ = {isa = PBXFileReference; lastKnownFileType = folder; name = Templates; path = Templates; sourceTree = SOURCE_ROOT; };
		D81F23317F3A7834B2AC77BD /* SchemaV3.swift */ = {isa = PBXFileReference; lastKnownFileType = sourcecode.swift; path = SchemaV3.swift; sourceTree = "<group>"; };
		D8CAA93EFEA66C0504AA6A63 /* SportQuestionnaireViewModel.swift */ = {isa = PBXFileReference; lastKnownFileType = sourcecode.swift; path = SportQuestionnaireViewModel.swift; sourceTree = "<group>"; };
		DC5A1E2FF6CEB413581B9258 /* ProfileView.swift */ = {isa = PBXFileReference; lastKnownFileType = sourcecode.swift; path = ProfileView.swift; sourceTree = "<group>"; };
		DE3D22F704BC3DD41B22D0DD /* EditHealthQuestionsViewModel.swift */ = {isa = PBXFileReference; lastKnownFileType = sourcecode.swift; path = EditHealthQuestionsViewModel.swift; sourceTree = "<group>"; };
		E61DF44D231A7484C878C468 /* MockCoachingProfileRepository.swift */ = {isa = PBXFileReference; lastKnownFileType = sourcecode.swift; path = MockCoachingProfileRepository.swift; sourceTree = "<group>"; };
		E8633E1585AA578B1F492E71 /* CoachingProfile.swift */ = {isa = PBXFileReference; lastKnownFileType = sourcecode.swift; path = CoachingProfile.swift; sourceTree = "<group>"; };
		EB6820E4D33B023589DDB16D /* MockAccountService.swift */ = {isa = PBXFileReference; lastKnownFileType = sourcecode.swift; path = MockAccountService.swift; sourceTree = "<group>"; };
		EC403EF488D7821DDD9B054B /* RunningQuestionnaire.swift */ = {isa = PBXFileReference; lastKnownFileType = sourcecode.swift; path = RunningQuestionnaire.swift; sourceTree = "<group>"; };
		EC67B65FAEF299DD0F20CCC7 /* MockHealthKitService.swift */ = {isa = PBXFileReference; lastKnownFileType = sourcecode.swift; path = MockHealthKitService.swift; sourceTree = "<group>"; };
		F3777EA7028C4E63C42076C7 /* AdaptationRule.swift */ = {isa = PBXFileReference; lastKnownFileType = sourcecode.swift; path = AdaptationRule.swift; sourceTree = "<group>"; };
		F583C511E407F30A20ACCED7 /* AccountService.swift */ = {isa = PBXFileReference; lastKnownFileType = sourcecode.swift; path = AccountService.swift; sourceTree = "<group>"; };
		FE2EBCDA71129879332CF57F /* MockCoachingSportProfileRepository.swift */ = {isa = PBXFileReference; lastKnownFileType = sourcecode.swift; path = MockCoachingSportProfileRepository.swift; sourceTree = "<group>"; };
		"TEMP_60FBE73B-29AE-4410-B032-80E0817586AE" /* Config-Release.xcconfig */ = {isa = PBXFileReference; lastKnownFileType = text.xcconfig; path = "Config-Release.xcconfig"; sourceTree = "<group>"; };
		"TEMP_94DA0057-651A-4130-AA32-DAD81F851A2B" /* Config-Debug.xcconfig */ = {isa = PBXFileReference; lastKnownFileType = text.xcconfig; path = "Config-Debug.xcconfig"; sourceTree = "<group>"; };
		"TEMP_A2E02FC0-9FF4-4816-844A-28FA7FEAD2C7" /* Config-Staging.xcconfig */ = {isa = PBXFileReference; lastKnownFileType = text.xcconfig; path = "Config-Staging.xcconfig"; sourceTree = "<group>"; };
/* End PBXFileReference section */

/* Begin PBXFrameworksBuildPhase section */
		77A957CB811457E7272A1CD4 /* Frameworks */ = {
			isa = PBXFrameworksBuildPhase;
			buildActionMask = 2147483647;
			files = (
				EA772B264DE38876B5918EC1 /* SageCore in Frameworks */,
				7055F12DDF651AE659A6C63B /* Supabase in Frameworks */,
				835598B98FDA185AF124604E /* Auth in Frameworks */,
				63AFBA0CF7030D1A2DA8B28A /* PostgREST in Frameworks */,
				955C8C71D466E4B29E07BB4E /* Realtime in Frameworks */,
				9266674344C255E0270AD787 /* Storage in Frameworks */,
				B9040BECBA01FF832AF49020 /* Functions in Frameworks */,
				E8A23128EBFB93E117654E9E /* TemplateModel in Frameworks */,
				53A02AA56E34E7C3A20C2F1D /* TemplateLoader in Frameworks */,
			);
			runOnlyForDeploymentPostprocessing = 0;
		};
/* End PBXFrameworksBuildPhase section */

/* Begin PBXGroup section */
		0F89A9304D5342059C8A310C /* Protocols */ = {
			isa = PBXGroup;
			children = (
				90271CAE527EEB127D6D5498 /* CoachingProfileRepository.swift */,
				7A2BB2509E404D5AC28F91C8 /* CoachingSportProfileRepository.swift */,
				C795F3D7C4B0D0010E47E0FC /* CoreProfileRepository.swift */,
			);
			path = Protocols;
			sourceTree = "<group>";
		};
		111A33D638C8FF9F87D41F6A = {
			isa = PBXGroup;
			children = (
				513C6855A65A041350351DB1 /* App */,
				213873DE3EE437512327FA40 /* Coaching */,
				80923BA1E60DDF94BCDF5E36 /* CoachingSageTests */,
				F0D45FD1814100C7BFF07C9F /* CoachingSageUITests */,
				842F3A0D5A86ED8F4034BE5F /* Models */,
				7978B0A8F012C5A9189A9734 /* Packages */,
				CCF6397C1529B48ABB1B4C03 /* Repositories */,
				A7D1FD4EA165346964968FFB /* Resources */,
				F948C1AAAEA2052554848BD0 /* Services */,
				927B495063AD203B4B90FC27 /* Utilities */,
				D10F795AA666C45173A42133 /* ViewModels */,
				DFB07EDC87D0670770ED092A /* Views */,
				EB6FFD46A71BA9BCFA76EB75 /* Products */,
			);
			sourceTree = "<group>";
		};
		160F5D86F1D363E0B66EC457 /* Adapter */ = {
			isa = PBXGroup;
			children = (
				587DD1835C172EB7B0196423 /* Rules */,
				F3777EA7028C4E63C42076C7 /* AdaptationRule.swift */,
				8C386FFD4C1E8B3B3AB15E3E /* AdaptedProgram.swift */,
				148EE860E1B9C2E07F2FB094 /* ProgramAdapter.swift */,
			);
			path = Adapter;
			sourceTree = "<group>";
		};
		1E27FFFA96ECF960E1760074 /* Coaching */ = {
			isa = PBXGroup;
			children = (
				21C9BF1B6582AF431E9F64D8 /* SportQuestionnaireView.swift */,
			);
			path = Coaching;
			sourceTree = "<group>";
		};
		1EC35E38E54B12184455CDD9 /* Profile */ = {
			isa = PBXGroup;
			children = (
				51FFF0728A81D4935CC8DE26 /* EditActiveSportsView.swift */,
				298CD71F3B40FF097F96F630 /* EditHealthQuestionsView.swift */,
				61B017AF1629A841BB1DE70C /* EditIdentityView.swift */,
				9D18131F1F3A6315CDA518F9 /* EditPersonalDataView.swift */,
				BFFDE51E705DA72DDAF1503A /* MedicalDisclaimerView.swift */,
			);
			path = Profile;
			sourceTree = "<group>";
		};
		213873DE3EE437512327FA40 /* Coaching */ = {
			isa = PBXGroup;
			children = (
				160F5D86F1D363E0B66EC457 /* Adapter */,
				9324AD3A7C1B4590DBA13FFB /* Questionnaires */,
				251FB5D7FE8B97058766FCDF /* TypingDelayProvider.swift */,
			);
			path = Coaching;
			sourceTree = "<group>";
		};
		35971344BB67B690FE03FCAC /* Mocks */ = {
			isa = PBXGroup;
			children = (
				EB6820E4D33B023589DDB16D /* MockAccountService.swift */,
				C20DB657D3395503D4C7C654 /* MockAuthService.swift */,
				E61DF44D231A7484C878C468 /* MockCoachingProfileRepository.swift */,
				FE2EBCDA71129879332CF57F /* MockCoachingSportProfileRepository.swift */,
				2AC788BB1F14199FEA38C00F /* MockCoreProfileRepository.swift */,
				EC67B65FAEF299DD0F20CCC7 /* MockHealthKitService.swift */,
			);
			path = Mocks;
			sourceTree = "<group>";
		};
		40133C799B1336F62D3227EF /* Components */ = {
			isa = PBXGroup;
			children = (
				B438B582BAAAA9AA62A4E719 /* Auth */,
				D2257B07BBA062D00EDA6938 /* ChatBubbleView.swift */,
				CC3BD552E6869C2D947BB067 /* LanguageSelectorView.swift */,
				8EAB84EC88BEA5EDB8D2638F /* LeonAvatarView.swift */,
				7CBF2077E78382BFBC8DF087 /* PlaceholderScreen.swift */,
				31362A2EB1C59474F20C2C69 /* QuestionAnswerOptionsView.swift */,
				1D578C7C8A74F895B24C68DC /* TypingIndicatorView.swift */,
			);
			path = Components;
			sourceTree = "<group>";
		};
		49B234E794A66795314568CA /* Services */ = {
			isa = PBXGroup;
			children = (
				81F74486CA1CCB28D7592A09 /* AccountServiceTests.swift */,
				CED0406FACA58A2C6335701C /* DefaultHealthKitServiceTests.swift */,
				38864DEADC1C88CF2740C9B8 /* HealthKitProfileDataTests.swift */,
				AD694BEF0ED16336A47231A5 /* SyncServiceTests.swift */,
			);
			path = Services;
			sourceTree = "<group>";
		};
		513C6855A65A041350351DB1 /* App */ = {
			isa = PBXGroup;
			children = (
				10210F100B4F71B634C26C3C /* AppConstants.swift */,
				C5FBFF7B81DFD25F150C64B6 /* AppDependencies.swift */,
				996ACBB1413DB2AEDAEABD09 /* CoachingSageApp.swift */,
			);
			path = App;
			sourceTree = "<group>";
		};
		587DD1835C172EB7B0196423 /* Rules */ = {
			isa = PBXGroup;
			children = (
				AF30E01D4808AD24E7E06CB5 /* ConstraintSubstitutionRule.swift */,
				8D9D0B00943AA18035FAE063 /* EquipmentSubstitutionRule.swift */,
				0139D8ABD3AACC3342119EB3 /* LevelPacingRule.swift */,
				788DB6157A574221EC85D189 /* MedicalClearanceRule.swift */,
				32CD0AD15ACB11F258D75EA4 /* VolumeModulationRule.swift */,
			);
			path = Rules;
			sourceTree = "<group>";
		};
		594C0699C8D61ABD2ADDD1AD /* Questionnaires */ = {
			isa = PBXGroup;
			children = (
				5BB37F747385ABD6B7FD1EAA /* RunningQuestionnaireTests.swift */,
			);
			path = Questionnaires;
			sourceTree = "<group>";
		};
		7978B0A8F012C5A9189A9734 /* Packages */ = {
			isa = PBXGroup;
			children = (
				D777FCE39A1243C60F370F5F /* Templates */,
			);
			name = Packages;
			sourceTree = "<group>";
		};
		7A59DD1A56EB85B9A47656FD /* ViewModels */ = {
			isa = PBXGroup;
			children = (
				52DF96692AD6EE1B50103B26 /* AccountViewModelTests.swift */,
				0FF2FBAE3700B0D288B12991 /* AuthViewModelTests.swift */,
				D6D207C4511285357A159853 /* EditActiveSportsViewModelTests.swift */,
				8BAE590511A838B42E54BCB0 /* EditHealthQuestionsViewModelTests.swift */,
				B37826961FB3093F6CEA4C88 /* EditIdentityViewModelTests.swift */,
				BC233657256C05D557BA0151 /* EditPersonalDataViewModelTests.swift */,
				08FA9F8272DD2547280CA4D0 /* OnboardingViewModelTests.swift */,
				320F9552DDD606C09C9F016A /* ProfileViewModelTests.swift */,
				21385559EA7CA35AECA3F5D2 /* SportQuestionnaireViewModelTests.swift */,
			);
			path = ViewModels;
			sourceTree = "<group>";
		};
		8003F13FE0E3CD3201F168C9 /* Screens */ = {
			isa = PBXGroup;
			children = (
				1E27FFFA96ECF960E1760074 /* Coaching */,
				A942AC28C150A56394C1FB55 /* Onboarding */,
				1EC35E38E54B12184455CDD9 /* Profile */,
				6692E5D63506022D83A73659 /* DeleteAccountView.swift */,
				42241D18ACACFD2E0DD6DB8B /* MainTabView.swift */,
				DC5A1E2FF6CEB413581B9258 /* ProfileView.swift */,
				A0E01746A88F6AE565187197 /* ProgressionView.swift */,
				794326F734BF647075562516 /* SessionView.swift */,
				7B7D957E1FAE36AD570B5685 /* TodayView.swift */,
			);
			path = Screens;
			sourceTree = "<group>";
		};
		80923BA1E60DDF94BCDF5E36 /* CoachingSageTests */ = {
			isa = PBXGroup;
			children = (
				C6C05C3A56ECC2F20E6344C2 /* Localization */,
				35971344BB67B690FE03FCAC /* Mocks */,
				594C0699C8D61ABD2ADDD1AD /* Questionnaires */,
				84FCAE0CF446BC673B634B82 /* Repositories */,
				49B234E794A66795314568CA /* Services */,
				7A59DD1A56EB85B9A47656FD /* ViewModels */,
				D748D86D983DE72D41A9DCC8 /* CoachingSageTests.swift */,
			);
			path = CoachingSageTests;
			sourceTree = "<group>";
		};
		842F3A0D5A86ED8F4034BE5F /* Models */ = {
			isa = PBXGroup;
			children = (
				FEDF933B9C803CE7E4185DB8 /* Schema */,
				E8633E1585AA578B1F492E71 /* CoachingProfile.swift */,
				1CDCAFA8862C0E986B5DE6BE /* CoachingSportProfile.swift */,
				977B581BCC54654D261CFCE2 /* NotificationPreferences.swift */,
				8FA8474B16A1085DC583F637 /* PendingOperation.swift */,
				633F4421043C728EBE0DA6CF /* QuestionnaireDTOs.swift */,
				B75229FDF1730BFAB470F33E /* SageCoreProfile.swift */,
			);
			path = Models;
			sourceTree = "<group>";
		};
		84FCAE0CF446BC673B634B82 /* Repositories */ = {
			isa = PBXGroup;
			children = (
				76F7302E080C1CF8E6C5FD7A /* DefaultCoachingProfileRepositoryTests.swift */,
			);
			path = Repositories;
			sourceTree = "<group>";
		};
		927B495063AD203B4B90FC27 /* Utilities */ = {
			isa = PBXGroup;
			children = (
				FB3506D1C554C44E0E3469D2 /* ViewModifiers */,
				59B298A62312506D41778AB2 /* CoachingRadius.swift */,
				5103E796106AED5FE07D891C /* Color+Coaching.swift */,
				853EC636E8FC829E84AE2F8C /* Font+Coaching.swift */,
				C835AAF7C7FF60A9685A373A /* LanguageManager.swift */,
			);
			path = Utilities;
			sourceTree = "<group>";
		};
		9324AD3A7C1B4590DBA13FFB /* Questionnaires */ = {
			isa = PBXGroup;
			children = (
				DD17ECB2CCF181B6F79B0BDC /* Running */,
				4B6EE14AEAE6F86F9A56A8DA /* QuestionnaireTypes.swift */,
				D406CF7DFD027D6C9BBC1212 /* SportQuestionnaire.swift */,
			);
			path = Questionnaires;
			sourceTree = "<group>";
		};
		A7D1FD4EA165346964968FFB /* Resources */ = {
			isa = PBXGroup;
			children = (
				1059E4B839F348DE30AE147E /* InfoPlist.xcstrings */,
				2EB0C8F5D50D573B2B9BC515 /* Localizable.xcstrings */,
			);
			path = Resources;
			sourceTree = "<group>";
		};
		A942AC28C150A56394C1FB55 /* Onboarding */ = {
			isa = PBXGroup;
			children = (
				097E270614FC76762536F269 /* DisclaimerPARQView.swift */,
				7934E8F88AB9CDBAD7F949D3 /* FirstNameLanguageView.swift */,
				00CDA5561C2794DFE9BED43D /* OnboardingView.swift */,
				C5EADAE8CB2C4A12FA89F583 /* PersonalDataView.swift */,
				4761289D369D54A7E5D67713 /* SportsSelectionView.swift */,
			);
			path = Onboarding;
			sourceTree = "<group>";
		};
		B438B582BAAAA9AA62A4E719 /* Auth */ = {
			isa = PBXGroup;
			children = (
				3B1D7C33CFE4977F4BDB7035 /* AuthView.swift */,
				89BFA8B7A260C833D10ECE0D /* SignInWithAppleButton.swift */,
			);
			path = Auth;
			sourceTree = "<group>";
		};
		C6C05C3A56ECC2F20E6344C2 /* Localization */ = {
			isa = PBXGroup;
			children = (
				4533A54B2A3061A8E539AF7C /* RunningQuestionnaireLocalizationTests.swift */,
			);
			path = Localization;
			sourceTree = "<group>";
		};
		CA03083CDCCFF25B86D0D6A9 /* Implementations */ = {
			isa = PBXGroup;
			children = (
				20B63602A900998FD8DF4029 /* DefaultCoachingProfileRepository.swift */,
				416D4B117CF241583BED7C9D /* DefaultCoachingSportProfileRepository.swift */,
				BA55024C693442B9733FAD1F /* DefaultCoreProfileRepository.swift */,
			);
			path = Implementations;
			sourceTree = "<group>";
		};
		CCF6397C1529B48ABB1B4C03 /* Repositories */ = {
			isa = PBXGroup;
			children = (
				CA03083CDCCFF25B86D0D6A9 /* Implementations */,
				0F89A9304D5342059C8A310C /* Protocols */,
			);
			path = Repositories;
			sourceTree = "<group>";
		};
		D10F795AA666C45173A42133 /* ViewModels */ = {
			isa = PBXGroup;
			children = (
				2A7A4A0324594866525D7727 /* AccountViewModel.swift */,
				242338C6A253BA0C07D92BE7 /* AuthViewModel.swift */,
				A2C3ACFCDC006AD85C8C6DD5 /* EditActiveSportsViewModel.swift */,
				DE3D22F704BC3DD41B22D0DD /* EditHealthQuestionsViewModel.swift */,
				23F8E19E5BED6B375A764B60 /* EditIdentityViewModel.swift */,
				146849140205ADEA754F7627 /* EditPersonalDataViewModel.swift */,
				45D0FEED4C08BC69C690A557 /* OnboardingViewModel.swift */,
				3EF9054E08CE2E32F463DF7A /* ProfileViewModel.swift */,
				D8CAA93EFEA66C0504AA6A63 /* SportQuestionnaireViewModel.swift */,
			);
			path = ViewModels;
			sourceTree = "<group>";
		};
		DD17ECB2CCF181B6F79B0BDC /* Running */ = {
			isa = PBXGroup;
			children = (
				EC403EF488D7821DDD9B054B /* RunningQuestionnaire.swift */,
			);
			path = Running;
			sourceTree = "<group>";
		};
		DE794D9D6B1BB4539210482F /* DTOs */ = {
			isa = PBXGroup;
			children = (
				183088FD9BEE7190609DAF2E /* CoachingProfileDTO.swift */,
				CE54FC35D658001D1ED5FAAF /* CoachingSportProfileDTO.swift */,
				AECA89A91146FD3FC5486BFB /* CoreProfileDTO.swift */,
			);
			path = DTOs;
			sourceTree = "<group>";
		};
		DFB07EDC87D0670770ED092A /* Views */ = {
			isa = PBXGroup;
			children = (
				40133C799B1336F62D3227EF /* Components */,
				8003F13FE0E3CD3201F168C9 /* Screens */,
			);
			path = Views;
			sourceTree = "<group>";
		};
		EB6FFD46A71BA9BCFA76EB75 /* Products */ = {
			isa = PBXGroup;
			children = (
				6DBB134FE9E01E10EA66716D /* CoachingSage.app */,
				97DD16261E5B3C2722098D12 /* CoachingSageTests.xctest */,
				6E5E3F83216C1E86CF0D3DF5 /* CoachingSageUITests.xctest */,
			);
			name = Products;
			sourceTree = "<group>";
		};
		F0D45FD1814100C7BFF07C9F /* CoachingSageUITests */ = {
			isa = PBXGroup;
			children = (
				87E5560C4D3A9B8C5694D8DB /* CoachingSageUITests.swift */,
				88E73747D7F8294A984BA9A6 /* SyncBannerUITests.swift */,
			);
			path = CoachingSageUITests;
			sourceTree = "<group>";
		};
		F948C1AAAEA2052554848BD0 /* Services */ = {
			isa = PBXGroup;
			children = (
				DE794D9D6B1BB4539210482F /* DTOs */,
				F583C511E407F30A20ACCED7 /* AccountService.swift */,
				567401E3501A58FD3263A9D6 /* AuthService.swift */,
				1A9BAB7D2DDF64FD058DF022 /* HealthKitService.swift */,
				A3D14BBE0C4ED62CE64E0583 /* SupabaseService.swift */,
				825431EAE588973840516E7D /* SyncService.swift */,
			);
			path = Services;
			sourceTree = "<group>";
		};
		FB3506D1C554C44E0E3469D2 /* ViewModifiers */ = {
			isa = PBXGroup;
			children = (
				8DCD1B02C30480FFD945849A /* DangerButtonStyle.swift */,
				A54703AA569A5DF3C64122F0 /* PrimaryButtonStyle.swift */,
				96A079FB0D2D5861E944FA11 /* SecondaryButtonStyle.swift */,
			);
			path = ViewModifiers;
			sourceTree = "<group>";
		};
		FEDF933B9C803CE7E4185DB8 /* Schema */ = {
			isa = PBXGroup;
			children = (
				96129C60079ED20BAF2E7532 /* CoachingSageMigrationPlan.swift */,
				3FC63A8EC767EEA99877F1B4 /* SchemaV1.swift */,
				5A74AFE437B689F44D3D9710 /* SchemaV2.swift */,
				D81F23317F3A7834B2AC77BD /* SchemaV3.swift */,
			);
			path = Schema;
			sourceTree = "<group>";
		};
		"TEMP_9C5D514F-6F2D-46E5-913A-D73FBFFECD86" /* CoachingSage */ = {
			isa = PBXGroup;
			children = (
				"TEMP_94DA0057-651A-4130-AA32-DAD81F851A2B" /* Config-Debug.xcconfig */,
				"TEMP_60FBE73B-29AE-4410-B032-80E0817586AE" /* Config-Release.xcconfig */,
				"TEMP_A2E02FC0-9FF4-4816-844A-28FA7FEAD2C7" /* Config-Staging.xcconfig */,
			);
			path = CoachingSage;
			sourceTree = "<group>";
		};
/* End PBXGroup section */

/* Begin PBXNativeTarget section */
		292CDE49197AB2C5A22A0EF8 /* CoachingSageUITests */ = {
			isa = PBXNativeTarget;
			buildConfigurationList = 6DF2C6B726F5E3F6DFA007BC /* Build configuration list for PBXNativeTarget "CoachingSageUITests" */;
			buildPhases = (
				29C5795824B4EAA8FE0D63D3 /* Sources */,
			);
			buildRules = (
			);
			dependencies = (
				8ACDB237162B3354648E02E1 /* PBXTargetDependency */,
			);
			name = CoachingSageUITests;
			packageProductDependencies = (
			);
			productName = CoachingSageUITests;
			productReference = 6E5E3F83216C1E86CF0D3DF5 /* CoachingSageUITests.xctest */;
			productType = "com.apple.product-type.bundle.ui-testing";
		};
		5C802E5FCC09BD7C50089F15 /* CoachingSage */ = {
			isa = PBXNativeTarget;
			buildConfigurationList = DF12FC60469E041B9D025422 /* Build configuration list for PBXNativeTarget "CoachingSage" */;
			buildPhases = (
				28FF2F2E3689A2BB75945BA8 /* Sources */,
				A5E949968FE0498D4CF2E4C1 /* Resources */,
				77A957CB811457E7272A1CD4 /* Frameworks */,
			);
			buildRules = (
			);
			dependencies = (
			);
			name = CoachingSage;
			packageProductDependencies = (
				D50DFFCB3B420D5A254989C7 /* SageCore */,
				8C550ECF6B5EE55503850168 /* Supabase */,
				DC9E798329CB4B58A36EB835 /* Auth */,
				4FAC1159ED8687BBF9FB176C /* PostgREST */,
				425DD5A4004D8904AF335FC0 /* Realtime */,
				387E901F3003338D1D455F57 /* Storage */,
				55602A83122E41C314502A6E /* Functions */,
				36070880343E94EA1028E630 /* TemplateModel */,
				AF9124F222BBB54A71428AF2 /* TemplateLoader */,
			);
			productName = CoachingSage;
			productReference = 6DBB134FE9E01E10EA66716D /* CoachingSage.app */;
			productType = "com.apple.product-type.application";
		};
		EAD49B554F9F1CFCF3F77077 /* CoachingSageTests */ = {
			isa = PBXNativeTarget;
			buildConfigurationList = 98384149D40758573595091F /* Build configuration list for PBXNativeTarget "CoachingSageTests" */;
			buildPhases = (
				65EF5930A257A7432DAF6393 /* Sources */,
			);
			buildRules = (
			);
			dependencies = (
				0EB01C496EC06991333CBE52 /* PBXTargetDependency */,
			);
			name = CoachingSageTests;
			packageProductDependencies = (
			);
			productName = CoachingSageTests;
			productReference = 97DD16261E5B3C2722098D12 /* CoachingSageTests.xctest */;
			productType = "com.apple.product-type.bundle.unit-test";
		};
/* End PBXNativeTarget section */

/* Begin PBXProject section */
		E3902569614F1CADF686DE24 /* Project object */ = {
			isa = PBXProject;
			attributes = {
				BuildIndependentTargetsInParallel = YES;
				LastUpgradeCheck = 1430;
				TargetAttributes = {
					292CDE49197AB2C5A22A0EF8 = {
						DevelopmentTeam = QLSTX2JJPF;
						TestTargetID = 5C802E5FCC09BD7C50089F15;
					};
					5C802E5FCC09BD7C50089F15 = {
						DevelopmentTeam = QLSTX2JJPF;
						ProvisioningStyle = Automatic;
					};
					EAD49B554F9F1CFCF3F77077 = {
						DevelopmentTeam = QLSTX2JJPF;
					};
				};
			};
			buildConfigurationList = 6E2C627B5255765DA1369A71 /* Build configuration list for PBXProject "CoachingSage" */;
			developmentRegion = en;
			hasScannedForEncodings = 0;
			knownRegions = (
				Base,
				en,
				fr,
			);
			mainGroup = 111A33D638C8FF9F87D41F6A;
			minimizedProjectReferenceProxies = 1;
			packageReferences = (
				94217A1D137DB6D1B7757588 /* XCRemoteSwiftPackageReference "SageCore" */,
				47AFC8375F9CCC5D1440960A /* XCRemoteSwiftPackageReference "supabase-swift" */,
				641FDB08F4FD6E0E8960007C /* XCLocalSwiftPackageReference "Templates" */,
			);
			preferredProjectObjectVersion = 77;
			productRefGroup = EB6FFD46A71BA9BCFA76EB75 /* Products */;
			projectDirPath = "";
			projectRoot = "";
			targets = (
				5C802E5FCC09BD7C50089F15 /* CoachingSage */,
				EAD49B554F9F1CFCF3F77077 /* CoachingSageTests */,
				292CDE49197AB2C5A22A0EF8 /* CoachingSageUITests */,
			);
		};
/* End PBXProject section */

/* Begin PBXResourcesBuildPhase section */
		A5E949968FE0498D4CF2E4C1 /* Resources */ = {
			isa = PBXResourcesBuildPhase;
			buildActionMask = 2147483647;
			files = (
				0F1EFC3BA7C10F61EDEB7343 /* InfoPlist.xcstrings in Resources */,
				638C91209A629F17273F3B2B /* Localizable.xcstrings in Resources */,
			);
			runOnlyForDeploymentPostprocessing = 0;
		};
/* End PBXResourcesBuildPhase section */

/* Begin PBXSourcesBuildPhase section */
		28FF2F2E3689A2BB75945BA8 /* Sources */ = {
			isa = PBXSourcesBuildPhase;
			buildActionMask = 2147483647;
			files = (
				275660E41945D64FCF7003D9 /* AccountService.swift in Sources */,
				7BF060A3287AB0E4C57A1A84 /* AccountViewModel.swift in Sources */,
				F43D12044EB8B2A181AEB4B0 /* AdaptationRule.swift in Sources */,
				E6388A0891961D80DBB88F4F /* AdaptedProgram.swift in Sources */,
				D75621E4CA0D5710CDA2604C /* AppConstants.swift in Sources */,
				B215BA8BE2CC40B6AD5B3A7A /* AppDependencies.swift in Sources */,
				F03495EF5B63C09F83524E05 /* AuthService.swift in Sources */,
				83CD7D845AF35A2C051BF250 /* AuthView.swift in Sources */,
				A0684D2705A4C792249C4465 /* AuthViewModel.swift in Sources */,
				D47539F760B0F1D44DD0BF60 /* ChatBubbleView.swift in Sources */,
				31A87147E42986283B200655 /* CoachingProfile.swift in Sources */,
				15A03FC507EB4FDFB5BAD1F1 /* CoachingProfileDTO.swift in Sources */,
				E94DC99E9D5C62DCB2B2449C /* CoachingProfileRepository.swift in Sources */,
				AFF8F953167F6A3E34F9A594 /* CoachingRadius.swift in Sources */,
				3036CC0F771D2EE4F0148333 /* CoachingSageApp.swift in Sources */,
				1A61A8AC7DA035CAB99288E3 /* CoachingSageMigrationPlan.swift in Sources */,
				D0292E551C1F7F25695EA52F /* CoachingSportProfile.swift in Sources */,
				54BBA9C3DB209789B0440B01 /* CoachingSportProfileDTO.swift in Sources */,
				1D0187EE395E785F63FD75E2 /* CoachingSportProfileRepository.swift in Sources */,
				400002C5E5134C01E60F2F64 /* Color+Coaching.swift in Sources */,
				2BD1B69DB7E9DBC2F6895C90 /* ConstraintSubstitutionRule.swift in Sources */,
				8A864EC473867A3659A61AB8 /* CoreProfileDTO.swift in Sources */,
				473CFBD55514A3D7F16A8692 /* CoreProfileRepository.swift in Sources */,
				9D8D39449E4C6F3FB836A108 /* DangerButtonStyle.swift in Sources */,
				EE12809016D13F546FFEEE59 /* DefaultCoachingProfileRepository.swift in Sources */,
				4BD95BAA7812CB4D6A0AB9D5 /* DefaultCoachingSportProfileRepository.swift in Sources */,
				60611C6FDD8493F3EC29044F /* DefaultCoreProfileRepository.swift in Sources */,
				F3BD557AE6AA0AA7DF4E3124 /* DeleteAccountView.swift in Sources */,
				08AFCB9C2D360FE6AC4A2A88 /* DisclaimerPARQView.swift in Sources */,
				BCBBF8479C459D3E9F55DD5E /* EditActiveSportsView.swift in Sources */,
				06F0D3BA27959B8BAD48C203 /* EditActiveSportsViewModel.swift in Sources */,
				4CFE4130EABB74E0C23AE0E4 /* EditHealthQuestionsView.swift in Sources */,
				7B7BD6644EF253301E62BE6C /* EditHealthQuestionsViewModel.swift in Sources */,
				00FF976DDC2A0623B34A6794 /* EditIdentityView.swift in Sources */,
				81685808C126A0DEEDBDBBC5 /* EditIdentityViewModel.swift in Sources */,
				248932584006135D5BDE26CC /* EditPersonalDataView.swift in Sources */,
				725FA031D6955775B3664D46 /* EditPersonalDataViewModel.swift in Sources */,
				01F19E996E00F4F8B28A2E3D /* EquipmentSubstitutionRule.swift in Sources */,
				4EB267BF29B5746A89B51F78 /* FirstNameLanguageView.swift in Sources */,
				295A45B77A257CC37867C33C /* Font+Coaching.swift in Sources */,
				4E430F250AF780BCEC30A31D /* HealthKitService.swift in Sources */,
				6BF4574DC00C51E0CCABDD06 /* LanguageManager.swift in Sources */,
				CAEDFC81C2BE3E9783C877B3 /* LanguageSelectorView.swift in Sources */,
				92BB27383616BA8B26C36F45 /* LeonAvatarView.swift in Sources */,
				E9541516F5AFB01D23060E42 /* LevelPacingRule.swift in Sources */,
				D38FC9E49DE8DB05D391C141 /* MainTabView.swift in Sources */,
				659CDC4DFE0D0D5351EB7A38 /* MedicalClearanceRule.swift in Sources */,
				B6A64FF3B0F8A320A542A680 /* MedicalDisclaimerView.swift in Sources */,
				519D48190BC092F5D8B498F8 /* NotificationPreferences.swift in Sources */,
				84FCF18F9EAD2792ABC0F20A /* OnboardingView.swift in Sources */,
				DFD09979F7F0369D97070AE8 /* OnboardingViewModel.swift in Sources */,
				9ED08CDB8B6AD2C48A98ADAC /* PendingOperation.swift in Sources */,
				BE7E3A86034C05EAF9D3621E /* PersonalDataView.swift in Sources */,
				5652B7B5C3BD2A8E4E24F5CA /* PlaceholderScreen.swift in Sources */,
				0FB62706268DB90CC0FEE9EF /* PrimaryButtonStyle.swift in Sources */,
				475FF316265DD93431C69AF0 /* ProfileView.swift in Sources */,
				36EA80BB5B9C5D1FDF785B7A /* ProfileViewModel.swift in Sources */,
				BA680ABD2BD964BD5144A5C2 /* ProgramAdapter.swift in Sources */,
				EC8A532444DE6A169AB994A0 /* ProgressionView.swift in Sources */,
				0045E3C41EFD4CB387D6F737 /* QuestionAnswerOptionsView.swift in Sources */,
				0EC7A37DFF6A69C631B75877 /* QuestionnaireDTOs.swift in Sources */,
				0319A7A02C6EDEAB3F399F9A /* QuestionnaireTypes.swift in Sources */,
				6CC93D984B040CEA05B93CA8 /* RunningQuestionnaire.swift in Sources */,
				8F19906C558D486B4DFB6FC7 /* SageCoreProfile.swift in Sources */,
				A7F8F79B1E2EB44DA707B3DB /* SchemaV1.swift in Sources */,
				A4894C08FF5A0F302A6BDDD2 /* SchemaV2.swift in Sources */,
				84541E98CB851A75C64B8DD7 /* SchemaV3.swift in Sources */,
				4509E1D29B7DF4E5B46E019D /* SecondaryButtonStyle.swift in Sources */,
				8AA41A3B96ED5CB6EEC58784 /* SessionView.swift in Sources */,
				AA9634DD1A4190D25D9C37D3 /* SignInWithAppleButton.swift in Sources */,
				4EE6F4E67F63D351AAB9CFD9 /* SportQuestionnaire.swift in Sources */,
				CE56D934B06FD6017D48538B /* SportQuestionnaireView.swift in Sources */,
				3F42AB967BEF9A764312C7C8 /* SportQuestionnaireViewModel.swift in Sources */,
				5BD45704BC3564A23F9AC915 /* SportsSelectionView.swift in Sources */,
				043F3AD5B9A9221ADF4D8ECD /* SupabaseService.swift in Sources */,
				4B2667405C169FC3C43466EB /* SyncService.swift in Sources */,
				F60A30DDBF1182AF1B05D80E /* TodayView.swift in Sources */,
				FFF09312274F5D35BCFFB5A0 /* TypingDelayProvider.swift in Sources */,
				5C2A3512103A2E76484EF635 /* TypingIndicatorView.swift in Sources */,
				69267268E4E32FC81FEB52E9 /* VolumeModulationRule.swift in Sources */,
			);
			runOnlyForDeploymentPostprocessing = 0;
		};
		29C5795824B4EAA8FE0D63D3 /* Sources */ = {
			isa = PBXSourcesBuildPhase;
			buildActionMask = 2147483647;
			files = (
				4D0C40DA7AA71C529DD78BC4 /* CoachingSageUITests.swift in Sources */,
				924E073E04B26053E702D1F9 /* SyncBannerUITests.swift in Sources */,
			);
			runOnlyForDeploymentPostprocessing = 0;
		};
		65EF5930A257A7432DAF6393 /* Sources */ = {
			isa = PBXSourcesBuildPhase;
			buildActionMask = 2147483647;
			files = (
				03BED48E693584F855C1DDDB /* AccountServiceTests.swift in Sources */,
				AE7B11F7F4076D070A79C6F4 /* AccountViewModelTests.swift in Sources */,
				580946AF1BF3149ED4A755B0 /* AuthViewModelTests.swift in Sources */,
				8052B19196DBBCAB04E35AC4 /* CoachingSageTests.swift in Sources */,
				E48017DF79FFF321E908A75D /* DefaultCoachingProfileRepositoryTests.swift in Sources */,
				19F429ED6DCAE694D9F320A5 /* DefaultHealthKitServiceTests.swift in Sources */,
				4B61CCA99758E9A8D1FBB470 /* EditActiveSportsViewModelTests.swift in Sources */,
				1FAA165087E1641EE4D5CEA7 /* EditHealthQuestionsViewModelTests.swift in Sources */,
				7B378D4C481A27576DF8DF2F /* EditIdentityViewModelTests.swift in Sources */,
				2C13B054084056BEA240407D /* EditPersonalDataViewModelTests.swift in Sources */,
				644EF2F18A17003FB757F961 /* HealthKitProfileDataTests.swift in Sources */,
				671F6891D05DE04E6ADAA082 /* MockAccountService.swift in Sources */,
				996E085A80497941996B96DC /* MockAuthService.swift in Sources */,
				BC6577181EDB7DD7289A45FA /* MockCoachingProfileRepository.swift in Sources */,
				DD69EC7BA8E9089F1FB95D2F /* MockCoachingSportProfileRepository.swift in Sources */,
				DD223EDEC0DA42292CA14A82 /* MockCoreProfileRepository.swift in Sources */,
				C755C0A750882D1CA9BD9BD3 /* MockHealthKitService.swift in Sources */,
				A9F8891EB940C0595862C47F /* OnboardingViewModelTests.swift in Sources */,
				3DF61183C9B16C95D7364BBB /* ProfileViewModelTests.swift in Sources */,
				E15261341A619614581A3A8B /* RunningQuestionnaireLocalizationTests.swift in Sources */,
				2A8ACCF0238CAD4C5B705B1C /* RunningQuestionnaireTests.swift in Sources */,
				BA26EA86544CC3C0A3B8D54E /* SportQuestionnaireViewModelTests.swift in Sources */,
				74579ED08AC3D971646B54AE /* SyncServiceTests.swift in Sources */,
			);
			runOnlyForDeploymentPostprocessing = 0;
		};
/* End PBXSourcesBuildPhase section */

/* Begin PBXTargetDependency section */
		0EB01C496EC06991333CBE52 /* PBXTargetDependency */ = {
			isa = PBXTargetDependency;
			target = 5C802E5FCC09BD7C50089F15 /* CoachingSage */;
			targetProxy = F7AA022F574737190286C6B0 /* PBXContainerItemProxy */;
		};
		8ACDB237162B3354648E02E1 /* PBXTargetDependency */ = {
			isa = PBXTargetDependency;
			target = 5C802E5FCC09BD7C50089F15 /* CoachingSage */;
			targetProxy = FB2DBF8A65D1C9D6998167BF /* PBXContainerItemProxy */;
		};
/* End PBXTargetDependency section */

/* Begin XCBuildConfiguration section */
		10188E2DF06E0E68ADCA93DF /* Release */ = {
			isa = XCBuildConfiguration;
			buildSettings = {
				BUNDLE_LOADER = "$(TEST_HOST)";
				GENERATE_INFOPLIST_FILE = YES;
				IPHONEOS_DEPLOYMENT_TARGET = 17.0;
				LD_RUNPATH_SEARCH_PATHS = (
					"$(inherited)",
					"@executable_path/Frameworks",
					"@loader_path/Frameworks",
				);
				PRODUCT_BUNDLE_IDENTIFIER = com.sopddl.coachingsage.app.uitests;
				SDKROOT = iphoneos;
				TARGETED_DEVICE_FAMILY = "1,2";
				TEST_TARGET_NAME = CoachingSage;
			};
			name = Release;
		};
		2D1EB2CFD734D434647217CC /* Staging */ = {
			isa = XCBuildConfiguration;
			buildSettings = {
				BUNDLE_LOADER = "$(TEST_HOST)";
				GENERATE_INFOPLIST_FILE = YES;
				IPHONEOS_DEPLOYMENT_TARGET = 17.0;
				LD_RUNPATH_SEARCH_PATHS = (
					"$(inherited)",
					"@executable_path/Frameworks",
					"@loader_path/Frameworks",
				);
				PRODUCT_BUNDLE_IDENTIFIER = com.sopddl.coachingsage.app.tests;
				SDKROOT = iphoneos;
				TARGETED_DEVICE_FAMILY = "1,2";
				TEST_HOST = "$(BUILT_PRODUCTS_DIR)/CoachingSage.app/$(BUNDLE_EXECUTABLE_FOLDER_PATH)/CoachingSage";
			};
			name = Staging;
		};
		61B5E17E96E19C8E098AA3DC /* Staging */ = {
			isa = XCBuildConfiguration;
			baseConfigurationReference = "TEMP_A2E02FC0-9FF4-4816-844A-28FA7FEAD2C7" /* Config-Staging.xcconfig */;
			buildSettings = {
				ALWAYS_SEARCH_USER_PATHS = NO;
				CLANG_ANALYZER_NONNULL = YES;
				CLANG_ANALYZER_NUMBER_OBJECT_CONVERSION = YES_AGGRESSIVE;
				CLANG_CXX_LANGUAGE_STANDARD = "gnu++14";
				CLANG_CXX_LIBRARY = "libc++";
				CLANG_ENABLE_MODULES = YES;
				CLANG_ENABLE_OBJC_ARC = YES;
				CLANG_ENABLE_OBJC_WEAK = YES;
				CLANG_WARN_BLOCK_CAPTURE_AUTORELEASING = YES;
				CLANG_WARN_BOOL_CONVERSION = YES;
				CLANG_WARN_COMMA = YES;
				CLANG_WARN_CONSTANT_CONVERSION = YES;
				CLANG_WARN_DEPRECATED_OBJC_IMPLEMENTATIONS = YES;
				CLANG_WARN_DIRECT_OBJC_ISA_USAGE = YES_ERROR;
				CLANG_WARN_DOCUMENTATION_COMMENTS = YES;
				CLANG_WARN_EMPTY_BODY = YES;
				CLANG_WARN_ENUM_CONVERSION = YES;
				CLANG_WARN_INFINITE_RECURSION = YES;
				CLANG_WARN_INT_CONVERSION = YES;
				CLANG_WARN_NON_LITERAL_NULL_CONVERSION = YES;
				CLANG_WARN_OBJC_IMPLICIT_RETAIN_SELF = YES;
				CLANG_WARN_OBJC_LITERAL_CONVERSION = YES;
				CLANG_WARN_OBJC_ROOT_CLASS = YES_ERROR;
				CLANG_WARN_QUOTED_INCLUDE_IN_FRAMEWORK_HEADER = YES;
				CLANG_WARN_RANGE_LOOP_ANALYSIS = YES;
				CLANG_WARN_STRICT_PROTOTYPES = YES;
				CLANG_WARN_SUSPICIOUS_MOVE = YES;
				CLANG_WARN_UNGUARDED_AVAILABILITY = YES_AGGRESSIVE;
				CLANG_WARN_UNREACHABLE_CODE = YES;
				CLANG_WARN__DUPLICATE_METHOD_MATCH = YES;
				COPY_PHASE_STRIP = NO;
				CURRENT_PROJECT_VERSION = 1;
				DEBUG_INFORMATION_FORMAT = "dwarf-with-dsym";
				DEVELOPMENT_TEAM = QLSTX2JJPF;
				ENABLE_NS_ASSERTIONS = NO;
				ENABLE_STRICT_OBJC_MSGSEND = YES;
				ENABLE_USER_SCRIPT_SANDBOXING = NO;
				GCC_C_LANGUAGE_STANDARD = gnu11;
				GCC_NO_COMMON_BLOCKS = YES;
				GCC_WARN_64_TO_32_BIT_CONVERSION = YES;
				GCC_WARN_ABOUT_RETURN_TYPE = YES_ERROR;
				GCC_WARN_UNDECLARED_SELECTOR = YES;
				GCC_WARN_UNINITIALIZED_AUTOS = YES_AGGRESSIVE;
				GCC_WARN_UNUSED_FUNCTION = YES;
				GCC_WARN_UNUSED_VARIABLE = YES;
				IPHONEOS_DEPLOYMENT_TARGET = 17.0;
				MARKETING_VERSION = 1.0.0;
				MTL_ENABLE_DEBUG_INFO = NO;
				MTL_FAST_MATH = YES;
				PRODUCT_NAME = "$(TARGET_NAME)";
				SDKROOT = iphoneos;
				SWIFT_COMPILATION_MODE = wholemodule;
				SWIFT_OPTIMIZATION_LEVEL = "-O";
				SWIFT_VERSION = 5.0;
			};
			name = Staging;
		};
		6444A73E993A0AE7B8936309 /* Release */ = {
			isa = XCBuildConfiguration;
			baseConfigurationReference = "TEMP_60FBE73B-29AE-4410-B032-80E0817586AE" /* Config-Release.xcconfig */;
			buildSettings = {
				ALWAYS_SEARCH_USER_PATHS = NO;
				CLANG_ANALYZER_NONNULL = YES;
				CLANG_ANALYZER_NUMBER_OBJECT_CONVERSION = YES_AGGRESSIVE;
				CLANG_CXX_LANGUAGE_STANDARD = "gnu++14";
				CLANG_CXX_LIBRARY = "libc++";
				CLANG_ENABLE_MODULES = YES;
				CLANG_ENABLE_OBJC_ARC = YES;
				CLANG_ENABLE_OBJC_WEAK = YES;
				CLANG_WARN_BLOCK_CAPTURE_AUTORELEASING = YES;
				CLANG_WARN_BOOL_CONVERSION = YES;
				CLANG_WARN_COMMA = YES;
				CLANG_WARN_CONSTANT_CONVERSION = YES;
				CLANG_WARN_DEPRECATED_OBJC_IMPLEMENTATIONS = YES;
				CLANG_WARN_DIRECT_OBJC_ISA_USAGE = YES_ERROR;
				CLANG_WARN_DOCUMENTATION_COMMENTS = YES;
				CLANG_WARN_EMPTY_BODY = YES;
				CLANG_WARN_ENUM_CONVERSION = YES;
				CLANG_WARN_INFINITE_RECURSION = YES;
				CLANG_WARN_INT_CONVERSION = YES;
				CLANG_WARN_NON_LITERAL_NULL_CONVERSION = YES;
				CLANG_WARN_OBJC_IMPLICIT_RETAIN_SELF = YES;
				CLANG_WARN_OBJC_LITERAL_CONVERSION = YES;
				CLANG_WARN_OBJC_ROOT_CLASS = YES_ERROR;
				CLANG_WARN_QUOTED_INCLUDE_IN_FRAMEWORK_HEADER = YES;
				CLANG_WARN_RANGE_LOOP_ANALYSIS = YES;
				CLANG_WARN_STRICT_PROTOTYPES = YES;
				CLANG_WARN_SUSPICIOUS_MOVE = YES;
				CLANG_WARN_UNGUARDED_AVAILABILITY = YES_AGGRESSIVE;
				CLANG_WARN_UNREACHABLE_CODE = YES;
				CLANG_WARN__DUPLICATE_METHOD_MATCH = YES;
				COPY_PHASE_STRIP = NO;
				CURRENT_PROJECT_VERSION = 1;
				DEBUG_INFORMATION_FORMAT = "dwarf-with-dsym";
				DEVELOPMENT_TEAM = QLSTX2JJPF;
				ENABLE_NS_ASSERTIONS = NO;
				ENABLE_STRICT_OBJC_MSGSEND = YES;
				ENABLE_USER_SCRIPT_SANDBOXING = NO;
				GCC_C_LANGUAGE_STANDARD = gnu11;
				GCC_NO_COMMON_BLOCKS = YES;
				GCC_WARN_64_TO_32_BIT_CONVERSION = YES;
				GCC_WARN_ABOUT_RETURN_TYPE = YES_ERROR;
				GCC_WARN_UNDECLARED_SELECTOR = YES;
				GCC_WARN_UNINITIALIZED_AUTOS = YES_AGGRESSIVE;
				GCC_WARN_UNUSED_FUNCTION = YES;
				GCC_WARN_UNUSED_VARIABLE = YES;
				IPHONEOS_DEPLOYMENT_TARGET = 17.0;
				MARKETING_VERSION = 1.0.0;
				MTL_ENABLE_DEBUG_INFO = NO;
				MTL_FAST_MATH = YES;
				PRODUCT_NAME = "$(TARGET_NAME)";
				SDKROOT = iphoneos;
				SWIFT_COMPILATION_MODE = wholemodule;
				SWIFT_OPTIMIZATION_LEVEL = "-O";
				SWIFT_VERSION = 5.0;
			};
			name = Release;
		};
		681F47A3D39EFEE9013DA631 /* Debug */ = {
			isa = XCBuildConfiguration;
			buildSettings = {
				BUNDLE_LOADER = "$(TEST_HOST)";
				GENERATE_INFOPLIST_FILE = YES;
				IPHONEOS_DEPLOYMENT_TARGET = 17.0;
				LD_RUNPATH_SEARCH_PATHS = (
					"$(inherited)",
					"@executable_path/Frameworks",
					"@loader_path/Frameworks",
				);
				PRODUCT_BUNDLE_IDENTIFIER = com.sopddl.coachingsage.app.uitests;
				SDKROOT = iphoneos;
				TARGETED_DEVICE_FAMILY = "1,2";
				TEST_TARGET_NAME = CoachingSage;
			};
			name = Debug;
		};
		6848446E0F77DBB90496B1F0 /* Staging */ = {
			isa = XCBuildConfiguration;
			buildSettings = {
				ASSETCATALOG_COMPILER_APPICON_NAME = AppIcon;
				CODE_SIGN_ENTITLEMENTS = CoachingSage.entitlements;
				CODE_SIGN_IDENTITY = "iPhone Developer";
				CODE_SIGN_STYLE = Automatic;
				ENABLE_PREVIEWS = YES;
				INFOPLIST_FILE = "CoachingSage-Info.plist";
				INFOPLIST_KEY_UIApplicationSupportsIndirectInputEvents = YES;
				INFOPLIST_KEY_UILaunchScreen_Generation = YES;
				INFOPLIST_KEY_UISupportedInterfaceOrientations_iPhone = UIInterfaceOrientationPortrait;
				IPHONEOS_DEPLOYMENT_TARGET = 17.0;
				LD_RUNPATH_SEARCH_PATHS = (
					"$(inherited)",
					"@executable_path/Frameworks",
				);
				PRODUCT_BUNDLE_IDENTIFIER = com.sopddl.coachingsage.app;
				PRODUCT_NAME = CoachingSage;
				SDKROOT = iphoneos;
				SUPPORTS_MACCATALYST = NO;
				SWIFT_EMIT_LOC_STRINGS = YES;
				TARGETED_DEVICE_FAMILY = "1,2";
			};
			name = Staging;
		};
		76C3386FE7CB2952C5FA53F0 /* Debug */ = {
			isa = XCBuildConfiguration;
			buildSettings = {
				BUNDLE_LOADER = "$(TEST_HOST)";
				GENERATE_INFOPLIST_FILE = YES;
				IPHONEOS_DEPLOYMENT_TARGET = 17.0;
				LD_RUNPATH_SEARCH_PATHS = (
					"$(inherited)",
					"@executable_path/Frameworks",
					"@loader_path/Frameworks",
				);
				PRODUCT_BUNDLE_IDENTIFIER = com.sopddl.coachingsage.app.tests;
				SDKROOT = iphoneos;
				TARGETED_DEVICE_FAMILY = "1,2";
				TEST_HOST = "$(BUILT_PRODUCTS_DIR)/CoachingSage.app/$(BUNDLE_EXECUTABLE_FOLDER_PATH)/CoachingSage";
			};
			name = Debug;
		};
		86C6E0C8E9343A18147C28AB /* Release */ = {
			isa = XCBuildConfiguration;
			buildSettings = {
				ASSETCATALOG_COMPILER_APPICON_NAME = AppIcon;
				CODE_SIGN_ENTITLEMENTS = CoachingSage.entitlements;
				CODE_SIGN_IDENTITY = "iPhone Developer";
				CODE_SIGN_STYLE = Automatic;
				ENABLE_PREVIEWS = YES;
				INFOPLIST_FILE = "CoachingSage-Info.plist";
				INFOPLIST_KEY_UIApplicationSupportsIndirectInputEvents = YES;
				INFOPLIST_KEY_UILaunchScreen_Generation = YES;
				INFOPLIST_KEY_UISupportedInterfaceOrientations_iPhone = UIInterfaceOrientationPortrait;
				IPHONEOS_DEPLOYMENT_TARGET = 17.0;
				LD_RUNPATH_SEARCH_PATHS = (
					"$(inherited)",
					"@executable_path/Frameworks",
				);
				PRODUCT_BUNDLE_IDENTIFIER = com.sopddl.coachingsage.app;
				PRODUCT_NAME = CoachingSage;
				SDKROOT = iphoneos;
				SUPPORTS_MACCATALYST = NO;
				SWIFT_EMIT_LOC_STRINGS = YES;
				TARGETED_DEVICE_FAMILY = "1,2";
			};
			name = Release;
		};
		E103FFBD6D87D5F977B573D1 /* Debug */ = {
			isa = XCBuildConfiguration;
			baseConfigurationReference = "TEMP_94DA0057-651A-4130-AA32-DAD81F851A2B" /* Config-Debug.xcconfig */;
			buildSettings = {
				ALWAYS_SEARCH_USER_PATHS = NO;
				CLANG_ANALYZER_NONNULL = YES;
				CLANG_ANALYZER_NUMBER_OBJECT_CONVERSION = YES_AGGRESSIVE;
				CLANG_CXX_LANGUAGE_STANDARD = "gnu++14";
				CLANG_CXX_LIBRARY = "libc++";
				CLANG_ENABLE_MODULES = YES;
				CLANG_ENABLE_OBJC_ARC = YES;
				CLANG_ENABLE_OBJC_WEAK = YES;
				CLANG_WARN_BLOCK_CAPTURE_AUTORELEASING = YES;
				CLANG_WARN_BOOL_CONVERSION = YES;
				CLANG_WARN_COMMA = YES;
				CLANG_WARN_CONSTANT_CONVERSION = YES;
				CLANG_WARN_DEPRECATED_OBJC_IMPLEMENTATIONS = YES;
				CLANG_WARN_DIRECT_OBJC_ISA_USAGE = YES_ERROR;
				CLANG_WARN_DOCUMENTATION_COMMENTS = YES;
				CLANG_WARN_EMPTY_BODY = YES;
				CLANG_WARN_ENUM_CONVERSION = YES;
				CLANG_WARN_INFINITE_RECURSION = YES;
				CLANG_WARN_INT_CONVERSION = YES;
				CLANG_WARN_NON_LITERAL_NULL_CONVERSION = YES;
				CLANG_WARN_OBJC_IMPLICIT_RETAIN_SELF = YES;
				CLANG_WARN_OBJC_LITERAL_CONVERSION = YES;
				CLANG_WARN_OBJC_ROOT_CLASS = YES_ERROR;
				CLANG_WARN_QUOTED_INCLUDE_IN_FRAMEWORK_HEADER = YES;
				CLANG_WARN_RANGE_LOOP_ANALYSIS = YES;
				CLANG_WARN_STRICT_PROTOTYPES = YES;
				CLANG_WARN_SUSPICIOUS_MOVE = YES;
				CLANG_WARN_UNGUARDED_AVAILABILITY = YES_AGGRESSIVE;
				CLANG_WARN_UNREACHABLE_CODE = YES;
				CLANG_WARN__DUPLICATE_METHOD_MATCH = YES;
				COPY_PHASE_STRIP = NO;
				CURRENT_PROJECT_VERSION = 1;
				DEBUG_INFORMATION_FORMAT = dwarf;
				DEVELOPMENT_TEAM = QLSTX2JJPF;
				ENABLE_STRICT_OBJC_MSGSEND = YES;
				ENABLE_TESTABILITY = YES;
				ENABLE_USER_SCRIPT_SANDBOXING = NO;
				GCC_C_LANGUAGE_STANDARD = gnu11;
				GCC_DYNAMIC_NO_PIC = NO;
				GCC_NO_COMMON_BLOCKS = YES;
				GCC_OPTIMIZATION_LEVEL = 0;
				GCC_PREPROCESSOR_DEFINITIONS = (
					"$(inherited)",
					"DEBUG=1",
				);
				GCC_WARN_64_TO_32_BIT_CONVERSION = YES;
				GCC_WARN_ABOUT_RETURN_TYPE = YES_ERROR;
				GCC_WARN_UNDECLARED_SELECTOR = YES;
				GCC_WARN_UNINITIALIZED_AUTOS = YES_AGGRESSIVE;
				GCC_WARN_UNUSED_FUNCTION = YES;
				GCC_WARN_UNUSED_VARIABLE = YES;
				IPHONEOS_DEPLOYMENT_TARGET = 17.0;
				MARKETING_VERSION = 1.0.0;
				MTL_ENABLE_DEBUG_INFO = INCLUDE_SOURCE;
				MTL_FAST_MATH = YES;
				ONLY_ACTIVE_ARCH = YES;
				PRODUCT_NAME = "$(TARGET_NAME)";
				SDKROOT = iphoneos;
				SWIFT_ACTIVE_COMPILATION_CONDITIONS = DEBUG;
				SWIFT_OPTIMIZATION_LEVEL = "-Onone";
				SWIFT_VERSION = 5.0;
			};
			name = Debug;
		};
		E83CED0D7AF9FB00913B3C61 /* Release */ = {
			isa = XCBuildConfiguration;
			buildSettings = {
				BUNDLE_LOADER = "$(TEST_HOST)";
				GENERATE_INFOPLIST_FILE = YES;
				IPHONEOS_DEPLOYMENT_TARGET = 17.0;
				LD_RUNPATH_SEARCH_PATHS = (
					"$(inherited)",
					"@executable_path/Frameworks",
					"@loader_path/Frameworks",
				);
				PRODUCT_BUNDLE_IDENTIFIER = com.sopddl.coachingsage.app.tests;
				SDKROOT = iphoneos;
				TARGETED_DEVICE_FAMILY = "1,2";
				TEST_HOST = "$(BUILT_PRODUCTS_DIR)/CoachingSage.app/$(BUNDLE_EXECUTABLE_FOLDER_PATH)/CoachingSage";
			};
			name = Release;
		};
		F5C5C91FC1017BE0FC01DAEA /* Debug */ = {
			isa = XCBuildConfiguration;
			buildSettings = {
				ASSETCATALOG_COMPILER_APPICON_NAME = AppIcon;
				CODE_SIGN_ENTITLEMENTS = CoachingSage.entitlements;
				CODE_SIGN_IDENTITY = "iPhone Developer";
				CODE_SIGN_STYLE = Automatic;
				ENABLE_PREVIEWS = YES;
				INFOPLIST_FILE = "CoachingSage-Info.plist";
				INFOPLIST_KEY_UIApplicationSupportsIndirectInputEvents = YES;
				INFOPLIST_KEY_UILaunchScreen_Generation = YES;
				INFOPLIST_KEY_UISupportedInterfaceOrientations_iPhone = UIInterfaceOrientationPortrait;
				IPHONEOS_DEPLOYMENT_TARGET = 17.0;
				LD_RUNPATH_SEARCH_PATHS = (
					"$(inherited)",
					"@executable_path/Frameworks",
				);
				PRODUCT_BUNDLE_IDENTIFIER = com.sopddl.coachingsage.app;
				PRODUCT_NAME = CoachingSage;
				SDKROOT = iphoneos;
				SUPPORTS_MACCATALYST = NO;
				SWIFT_EMIT_LOC_STRINGS = YES;
				TARGETED_DEVICE_FAMILY = "1,2";
			};
			name = Debug;
		};
		FB07F9B81B80DFF279C46A30 /* Staging */ = {
			isa = XCBuildConfiguration;
			buildSettings = {
				BUNDLE_LOADER = "$(TEST_HOST)";
				GENERATE_INFOPLIST_FILE = YES;
				IPHONEOS_DEPLOYMENT_TARGET = 17.0;
				LD_RUNPATH_SEARCH_PATHS = (
					"$(inherited)",
					"@executable_path/Frameworks",
					"@loader_path/Frameworks",
				);
				PRODUCT_BUNDLE_IDENTIFIER = com.sopddl.coachingsage.app.uitests;
				SDKROOT = iphoneos;
				TARGETED_DEVICE_FAMILY = "1,2";
				TEST_TARGET_NAME = CoachingSage;
			};
			name = Staging;
		};
/* End XCBuildConfiguration section */

/* Begin XCConfigurationList section */
		6DF2C6B726F5E3F6DFA007BC /* Build configuration list for PBXNativeTarget "CoachingSageUITests" */ = {
			isa = XCConfigurationList;
			buildConfigurations = (
				681F47A3D39EFEE9013DA631 /* Debug */,
				10188E2DF06E0E68ADCA93DF /* Release */,
				FB07F9B81B80DFF279C46A30 /* Staging */,
			);
			defaultConfigurationIsVisible = 0;
			defaultConfigurationName = Debug;
		};
		6E2C627B5255765DA1369A71 /* Build configuration list for PBXProject "CoachingSage" */ = {
			isa = XCConfigurationList;
			buildConfigurations = (
				E103FFBD6D87D5F977B573D1 /* Debug */,
				6444A73E993A0AE7B8936309 /* Release */,
				61B5E17E96E19C8E098AA3DC /* Staging */,
			);
			defaultConfigurationIsVisible = 0;
			defaultConfigurationName = Debug;
		};
		98384149D40758573595091F /* Build configuration list for PBXNativeTarget "CoachingSageTests" */ = {
			isa = XCConfigurationList;
			buildConfigurations = (
				76C3386FE7CB2952C5FA53F0 /* Debug */,
				E83CED0D7AF9FB00913B3C61 /* Release */,
				2D1EB2CFD734D434647217CC /* Staging */,
			);
			defaultConfigurationIsVisible = 0;
			defaultConfigurationName = Debug;
		};
		DF12FC60469E041B9D025422 /* Build configuration list for PBXNativeTarget "CoachingSage" */ = {
			isa = XCConfigurationList;
			buildConfigurations = (
				F5C5C91FC1017BE0FC01DAEA /* Debug */,
				86C6E0C8E9343A18147C28AB /* Release */,
				6848446E0F77DBB90496B1F0 /* Staging */,
			);
			defaultConfigurationIsVisible = 0;
			defaultConfigurationName = Debug;
		};
/* End XCConfigurationList section */

/* Begin XCLocalSwiftPackageReference section */
		641FDB08F4FD6E0E8960007C /* XCLocalSwiftPackageReference "Templates" */ = {
			isa = XCLocalSwiftPackageReference;
			relativePath = Templates;
		};
/* End XCLocalSwiftPackageReference section */

/* Begin XCRemoteSwiftPackageReference section */
		47AFC8375F9CCC5D1440960A /* XCRemoteSwiftPackageReference "supabase-swift" */ = {
			isa = XCRemoteSwiftPackageReference;
			repositoryURL = "https://github.com/supabase/supabase-swift";
			requirement = {
				kind = upToNextMajorVersion;
				minimumVersion = 2.43.0;
			};
		};
		94217A1D137DB6D1B7757588 /* XCRemoteSwiftPackageReference "SageCore" */ = {
			isa = XCRemoteSwiftPackageReference;
			repositoryURL = "https://github.com/sopddl/SageCore.git";
			requirement = {
				kind = exactVersion;
				version = 1.3.0;
			};
		};
/* End XCRemoteSwiftPackageReference section */

/* Begin XCSwiftPackageProductDependency section */
		36070880343E94EA1028E630 /* TemplateModel */ = {
			isa = XCSwiftPackageProductDependency;
			productName = TemplateModel;
		};
		387E901F3003338D1D455F57 /* Storage */ = {
			isa = XCSwiftPackageProductDependency;
			package = 47AFC8375F9CCC5D1440960A /* XCRemoteSwiftPackageReference "supabase-swift" */;
			productName = Storage;
		};
		425DD5A4004D8904AF335FC0 /* Realtime */ = {
			isa = XCSwiftPackageProductDependency;
			package = 47AFC8375F9CCC5D1440960A /* XCRemoteSwiftPackageReference "supabase-swift" */;
			productName = Realtime;
		};
		4FAC1159ED8687BBF9FB176C /* PostgREST */ = {
			isa = XCSwiftPackageProductDependency;
			package = 47AFC8375F9CCC5D1440960A /* XCRemoteSwiftPackageReference "supabase-swift" */;
			productName = PostgREST;
		};
		55602A83122E41C314502A6E /* Functions */ = {
			isa = XCSwiftPackageProductDependency;
			package = 47AFC8375F9CCC5D1440960A /* XCRemoteSwiftPackageReference "supabase-swift" */;
			productName = Functions;
		};
		8C550ECF6B5EE55503850168 /* Supabase */ = {
			isa = XCSwiftPackageProductDependency;
			package = 47AFC8375F9CCC5D1440960A /* XCRemoteSwiftPackageReference "supabase-swift" */;
			productName = Supabase;
		};
		AF9124F222BBB54A71428AF2 /* TemplateLoader */ = {
			isa = XCSwiftPackageProductDependency;
			productName = TemplateLoader;
		};
		D50DFFCB3B420D5A254989C7 /* SageCore */ = {
			isa = XCSwiftPackageProductDependency;
			package = 94217A1D137DB6D1B7757588 /* XCRemoteSwiftPackageReference "SageCore" */;
			productName = SageCore;
		};
		DC9E798329CB4B58A36EB835 /* Auth */ = {
			isa = XCSwiftPackageProductDependency;
			package = 47AFC8375F9CCC5D1440960A /* XCRemoteSwiftPackageReference "supabase-swift" */;
			productName = Auth;
		};
/* End XCSwiftPackageProductDependency section */
	};
	rootObject = E3902569614F1CADF686DE24 /* Project object */;
}
